// !$*UTF8*$!
{
	archiveVersion = 1;
	classes = {
	};
	objectVersion = 50;
	objects = {

/* Begin PBXBuildFile section */
		B54EB28C23C77FD4000B72E7 /* NetworkWorker.swift in Sources */ = {isa = PBXBuildFile; fileRef = B54EB28B23C77FD4000B72E7 /* NetworkWorker.swift */; };
		B54EB28E23C77FE3000B72E7 /* Manager.swift in Sources */ = {isa = PBXBuildFile; fileRef = B54EB28D23C77FE3000B72E7 /* Manager.swift */; };
		B54EB29023C77FF0000B72E7 /* Network.swift in Sources */ = {isa = PBXBuildFile; fileRef = B54EB28F23C77FF0000B72E7 /* Network.swift */; };
		B54EB29223C78000000B72E7 /* Endpoint.swift in Sources */ = {isa = PBXBuildFile; fileRef = B54EB29123C78000000B72E7 /* Endpoint.swift */; };
		B54EB29523C78028000B72E7 /* Enterprise.swift in Sources */ = {isa = PBXBuildFile; fileRef = B54EB29423C78028000B72E7 /* Enterprise.swift */; };
		B598B89023CA551A0001107C /* RowView.swift in Sources */ = {isa = PBXBuildFile; fileRef = B598B88F23CA551A0001107C /* RowView.swift */; };
		B598B89323CA5F160001107C /* CanSaveToDisk.swift in Sources */ = {isa = PBXBuildFile; fileRef = B598B89223CA5F160001107C /* CanSaveToDisk.swift */; };
		B598B89523CA5F480001107C /* EmptyRequest.swift in Sources */ = {isa = PBXBuildFile; fileRef = B598B89423CA5F480001107C /* EmptyRequest.swift */; };
		B5E3823923CB9401002B58DC /* BackgroundView.swift in Sources */ = {isa = PBXBuildFile; fileRef = B5E3823823CB9401002B58DC /* BackgroundView.swift */; };
		B5E3823F23CB9C34002B58DC /* Localizable.strings in Resources */ = {isa = PBXBuildFile; fileRef = B5E3824123CB9C34002B58DC /* Localizable.strings */; };
		B5E3824423CB9FF4002B58DC /* ButtonStyle.swift in Sources */ = {isa = PBXBuildFile; fileRef = B5E3824323CB9FF4002B58DC /* ButtonStyle.swift */; };
		B5EE85F223C771C500AC97AE /* ColorAsset.swift in Sources */ = {isa = PBXBuildFile; fileRef = B5EE85F123C771C500AC97AE /* ColorAsset.swift */; };
		B5EE85F623C77E2600AC97AE /* CustomDivider.swift in Sources */ = {isa = PBXBuildFile; fileRef = B5EE85F523C77E2600AC97AE /* CustomDivider.swift */; };
		B5F9026023D49E240076C4B3 /* CustomTextField.swift in Sources */ = {isa = PBXBuildFile; fileRef = B5F9025F23D49E240076C4B3 /* CustomTextField.swift */; };
		B5FEC19723C6A996005A37C6 /* AppDelegate.swift in Sources */ = {isa = PBXBuildFile; fileRef = B5FEC19623C6A996005A37C6 /* AppDelegate.swift */; };
		B5FEC19923C6A996005A37C6 /* SceneDelegate.swift in Sources */ = {isa = PBXBuildFile; fileRef = B5FEC19823C6A996005A37C6 /* SceneDelegate.swift */; };
		B5FEC19B23C6A996005A37C6 /* MainContentView.swift in Sources */ = {isa = PBXBuildFile; fileRef = B5FEC19A23C6A996005A37C6 /* MainContentView.swift */; };
		B5FEC19D23C6A998005A37C6 /* Assets.xcassets in Resources */ = {isa = PBXBuildFile; fileRef = B5FEC19C23C6A998005A37C6 /* Assets.xcassets */; };
		B5FEC1A023C6A998005A37C6 /* Preview Assets.xcassets in Resources */ = {isa = PBXBuildFile; fileRef = B5FEC19F23C6A998005A37C6 /* Preview Assets.xcassets */; };
		B5FEC1A323C6A998005A37C6 /* LaunchScreen.storyboard in Resources */ = {isa = PBXBuildFile; fileRef = B5FEC1A123C6A998005A37C6 /* LaunchScreen.storyboard */; };
		B5FEC1AE23C6A998005A37C6 /* MinhaEmpresaTests.swift in Sources */ = {isa = PBXBuildFile; fileRef = B5FEC1AD23C6A998005A37C6 /* MinhaEmpresaTests.swift */; };
		B5FEC1B923C6B65E005A37C6 /* MainViewModel.swift in Sources */ = {isa = PBXBuildFile; fileRef = B5FEC1B823C6B65E005A37C6 /* MainViewModel.swift */; };
		B5FEC1BE23C76ADB005A37C6 /* HomeContentView.swift in Sources */ = {isa = PBXBuildFile; fileRef = B5FEC1BD23C76ADB005A37C6 /* HomeContentView.swift */; };
		B832F97D244F526200B35059 /* ShortcutManager.swift in Sources */ = {isa = PBXBuildFile; fileRef = B832F97C244F526200B35059 /* ShortcutManager.swift */; };
		B86C19812479DD7B007EA1C3 /* Locale.swift in Sources */ = {isa = PBXBuildFile; fileRef = B86C19802479DD7B007EA1C3 /* Locale.swift */; };
		B8C941582464290600CA3F4B /* CustomButton.swift in Sources */ = {isa = PBXBuildFile; fileRef = B8C941572464290600CA3F4B /* CustomButton.swift */; };
		B8C9415A2464321B00CA3F4B /* StringExtensions.swift in Sources */ = {isa = PBXBuildFile; fileRef = B8C941592464321B00CA3F4B /* StringExtensions.swift */; };
/* End PBXBuildFile section */

/* Begin PBXContainerItemProxy section */
		B5FEC1AA23C6A998005A37C6 /* PBXContainerItemProxy */ = {
			isa = PBXContainerItemProxy;
			containerPortal = B5FEC18B23C6A996005A37C6 /* Project object */;
			proxyType = 1;
			remoteGlobalIDString = B5FEC19223C6A996005A37C6;
			remoteInfo = MinhaEmpresa;
		};
/* End PBXContainerItemProxy section */

/* Begin PBXFileReference section */
		B54EB28B23C77FD4000B72E7 /* NetworkWorker.swift */ = {isa = PBXFileReference; lastKnownFileType = sourcecode.swift; path = NetworkWorker.swift; sourceTree = "<group>"; };
		B54EB28D23C77FE3000B72E7 /* Manager.swift */ = {isa = PBXFileReference; lastKnownFileType = sourcecode.swift; path = Manager.swift; sourceTree = "<group>"; };
		B54EB28F23C77FF0000B72E7 /* Network.swift */ = {isa = PBXFileReference; lastKnownFileType = sourcecode.swift; path = Network.swift; sourceTree = "<group>"; };
		B54EB29123C78000000B72E7 /* Endpoint.swift */ = {isa = PBXFileReference; lastKnownFileType = sourcecode.swift; path = Endpoint.swift; sourceTree = "<group>"; };
		B54EB29423C78028000B72E7 /* Enterprise.swift */ = {isa = PBXFileReference; lastKnownFileType = sourcecode.swift; path = Enterprise.swift; sourceTree = "<group>"; };
		B598B88F23CA551A0001107C /* RowView.swift */ = {isa = PBXFileReference; lastKnownFileType = sourcecode.swift; path = RowView.swift; sourceTree = "<group>"; };
		B598B89223CA5F160001107C /* CanSaveToDisk.swift */ = {isa = PBXFileReference; lastKnownFileType = sourcecode.swift; path = CanSaveToDisk.swift; sourceTree = "<group>"; };
		B598B89423CA5F480001107C /* EmptyRequest.swift */ = {isa = PBXFileReference; lastKnownFileType = sourcecode.swift; path = EmptyRequest.swift; sourceTree = "<group>"; };
		B5E3823823CB9401002B58DC /* BackgroundView.swift */ = {isa = PBXFileReference; lastKnownFileType = sourcecode.swift; path = BackgroundView.swift; sourceTree = "<group>"; };
		B5E3823E23CB9C27002B58DC /* pt-BR */ = {isa = PBXFileReference; lastKnownFileType = text.plist.strings; name = "pt-BR"; path = "pt-BR.lproj/LaunchScreen.strings"; sourceTree = "<group>"; };
		B5E3824023CB9C34002B58DC /* pt-BR */ = {isa = PBXFileReference; lastKnownFileType = text.plist.strings; name = "pt-BR"; path = "pt-BR.lproj/Localizable.strings"; sourceTree = "<group>"; };
		B5E3824223CB9C42002B58DC /* en */ = {isa = PBXFileReference; lastKnownFileType = text.plist.strings; name = en; path = en.lproj/Localizable.strings; sourceTree = "<group>"; };
		B5E3824323CB9FF4002B58DC /* ButtonStyle.swift */ = {isa = PBXFileReference; lastKnownFileType = sourcecode.swift; path = ButtonStyle.swift; sourceTree = "<group>"; };
		B5EE85F123C771C500AC97AE /* ColorAsset.swift */ = {isa = PBXFileReference; lastKnownFileType = sourcecode.swift; path = ColorAsset.swift; sourceTree = "<group>"; };
		B5EE85F523C77E2600AC97AE /* CustomDivider.swift */ = {isa = PBXFileReference; lastKnownFileType = sourcecode.swift; path = CustomDivider.swift; sourceTree = "<group>"; };
		B5F9025F23D49E240076C4B3 /* CustomTextField.swift */ = {isa = PBXFileReference; lastKnownFileType = sourcecode.swift; path = CustomTextField.swift; sourceTree = "<group>"; };
		B5FEC19323C6A996005A37C6 /* MinhaEmpresa.app */ = {isa = PBXFileReference; explicitFileType = wrapper.application; includeInIndex = 0; path = MinhaEmpresa.app; sourceTree = BUILT_PRODUCTS_DIR; };
		B5FEC19623C6A996005A37C6 /* AppDelegate.swift */ = {isa = PBXFileReference; lastKnownFileType = sourcecode.swift; path = AppDelegate.swift; sourceTree = "<group>"; };
		B5FEC19823C6A996005A37C6 /* SceneDelegate.swift */ = {isa = PBXFileReference; lastKnownFileType = sourcecode.swift; path = SceneDelegate.swift; sourceTree = "<group>"; };
		B5FEC19A23C6A996005A37C6 /* MainContentView.swift */ = {isa = PBXFileReference; lastKnownFileType = sourcecode.swift; path = MainContentView.swift; sourceTree = "<group>"; };
		B5FEC19C23C6A998005A37C6 /* Assets.xcassets */ = {isa = PBXFileReference; lastKnownFileType = folder.assetcatalog; path = Assets.xcassets; sourceTree = "<group>"; };
		B5FEC19F23C6A998005A37C6 /* Preview Assets.xcassets */ = {isa = PBXFileReference; lastKnownFileType = folder.assetcatalog; path = "Preview Assets.xcassets"; sourceTree = "<group>"; };
		B5FEC1A223C6A998005A37C6 /* Base */ = {isa = PBXFileReference; lastKnownFileType = file.storyboard; name = Base; path = Base.lproj/LaunchScreen.storyboard; sourceTree = "<group>"; };
		B5FEC1A423C6A998005A37C6 /* Info.plist */ = {isa = PBXFileReference; lastKnownFileType = text.plist.xml; path = Info.plist; sourceTree = "<group>"; };
		B5FEC1A923C6A998005A37C6 /* MinhaEmpresaTests.xctest */ = {isa = PBXFileReference; explicitFileType = wrapper.cfbundle; includeInIndex = 0; path = MinhaEmpresaTests.xctest; sourceTree = BUILT_PRODUCTS_DIR; };
		B5FEC1AD23C6A998005A37C6 /* MinhaEmpresaTests.swift */ = {isa = PBXFileReference; lastKnownFileType = sourcecode.swift; path = MinhaEmpresaTests.swift; sourceTree = "<group>"; };
		B5FEC1AF23C6A998005A37C6 /* Info.plist */ = {isa = PBXFileReference; lastKnownFileType = text.plist.xml; path = Info.plist; sourceTree = "<group>"; };
		B5FEC1B823C6B65E005A37C6 /* MainViewModel.swift */ = {isa = PBXFileReference; lastKnownFileType = sourcecode.swift; path = MainViewModel.swift; sourceTree = "<group>"; };
		B5FEC1BD23C76ADB005A37C6 /* HomeContentView.swift */ = {isa = PBXFileReference; lastKnownFileType = sourcecode.swift; path = HomeContentView.swift; sourceTree = "<group>"; };
		B832F97C244F526200B35059 /* ShortcutManager.swift */ = {isa = PBXFileReference; lastKnownFileType = sourcecode.swift; path = ShortcutManager.swift; sourceTree = "<group>"; };
		B86C19802479DD7B007EA1C3 /* Locale.swift */ = {isa = PBXFileReference; lastKnownFileType = sourcecode.swift; path = Locale.swift; sourceTree = "<group>"; };
		B8C941572464290600CA3F4B /* CustomButton.swift */ = {isa = PBXFileReference; lastKnownFileType = sourcecode.swift; path = CustomButton.swift; sourceTree = "<group>"; };
		B8C941592464321B00CA3F4B /* StringExtensions.swift */ = {isa = PBXFileReference; lastKnownFileType = sourcecode.swift; path = StringExtensions.swift; sourceTree = "<group>"; };
/* End PBXFileReference section */

/* Begin PBXFrameworksBuildPhase section */
		B5FEC19023C6A996005A37C6 /* Frameworks */ = {
			isa = PBXFrameworksBuildPhase;
			buildActionMask = 2147483647;
			files = (
			);
			runOnlyForDeploymentPostprocessing = 0;
		};
		B5FEC1A623C6A998005A37C6 /* Frameworks */ = {
			isa = PBXFrameworksBuildPhase;
			buildActionMask = 2147483647;
			files = (
			);
			runOnlyForDeploymentPostprocessing = 0;
		};
/* End PBXFrameworksBuildPhase section */

/* Begin PBXGroup section */
		B54EB28A23C77FB4000B72E7 /* Manager */ = {
			isa = PBXGroup;
			children = (
				B54EB28B23C77FD4000B72E7 /* NetworkWorker.swift */,
				B54EB28D23C77FE3000B72E7 /* Manager.swift */,
				B54EB28F23C77FF0000B72E7 /* Network.swift */,
				B54EB29123C78000000B72E7 /* Endpoint.swift */,
				B832F97C244F526200B35059 /* ShortcutManager.swift */,
			);
			path = Manager;
			sourceTree = "<group>";
		};
		B54EB29323C7801C000B72E7 /* Model */ = {
			isa = PBXGroup;
			children = (
				B54EB29423C78028000B72E7 /* Enterprise.swift */,
				B598B89423CA5F480001107C /* EmptyRequest.swift */,
			);
			path = Model;
			sourceTree = "<group>";
		};
		B598B89123CA5F070001107C /* Protocols */ = {
			isa = PBXGroup;
			children = (
				B598B89223CA5F160001107C /* CanSaveToDisk.swift */,
			);
			path = Protocols;
			sourceTree = "<group>";
		};
		B5EE85EE23C7700400AC97AE /* Extension */ = {
			isa = PBXGroup;
			children = (
				B5EE85F123C771C500AC97AE /* ColorAsset.swift */,
				B8C941592464321B00CA3F4B /* StringExtensions.swift */,
			);
			path = Extension;
			sourceTree = "<group>";
		};
		B5EE85F423C77E1700AC97AE /* View */ = {
			isa = PBXGroup;
			children = (
				B598B88F23CA551A0001107C /* RowView.swift */,
				B5EE85F523C77E2600AC97AE /* CustomDivider.swift */,
				B5E3823823CB9401002B58DC /* BackgroundView.swift */,
				B5E3824323CB9FF4002B58DC /* ButtonStyle.swift */,
				B5F9025F23D49E240076C4B3 /* CustomTextField.swift */,
				B8C941572464290600CA3F4B /* CustomButton.swift */,
			);
			path = View;
			sourceTree = "<group>";
		};
		B5FEC18A23C6A996005A37C6 = {
			isa = PBXGroup;
			children = (
				B5FEC19523C6A996005A37C6 /* MinhaEmpresa */,
				B5FEC1AC23C6A998005A37C6 /* MinhaEmpresaTests */,
				B5FEC19423C6A996005A37C6 /* Products */,
			);
			sourceTree = "<group>";
		};
		B5FEC19423C6A996005A37C6 /* Products */ = {
			isa = PBXGroup;
			children = (
				B5FEC19323C6A996005A37C6 /* MinhaEmpresa.app */,
				B5FEC1A923C6A998005A37C6 /* MinhaEmpresaTests.xctest */,
			);
			name = Products;
			sourceTree = "<group>";
		};
		B5FEC19523C6A996005A37C6 /* MinhaEmpresa */ = {
			isa = PBXGroup;
			children = (
				B5FEC19C23C6A998005A37C6 /* Assets.xcassets */,
				B5FEC1A123C6A998005A37C6 /* LaunchScreen.storyboard */,
				B5FEC1A423C6A998005A37C6 /* Info.plist */,
				B5E3824123CB9C34002B58DC /* Localizable.strings */,
				B5FEC1BF23C76B40005A37C6 /* App */,
				B5EE85EE23C7700400AC97AE /* Extension */,
				B86C197F2479DD4D007EA1C3 /* Enums */,
				B54EB29323C7801C000B72E7 /* Model */,
				B598B89123CA5F070001107C /* Protocols */,
				B5FEC1BA23C76ABD005A37C6 /* Screens */,
				B5FEC19E23C6A998005A37C6 /* Preview Content */,
				B54EB28A23C77FB4000B72E7 /* Manager */,
				B5EE85F423C77E1700AC97AE /* View */,
			);
			path = MinhaEmpresa;
			sourceTree = "<group>";
		};
		B5FEC19E23C6A998005A37C6 /* Preview Content */ = {
			isa = PBXGroup;
			children = (
				B5FEC19F23C6A998005A37C6 /* Preview Assets.xcassets */,
			);
			path = "Preview Content";
			sourceTree = "<group>";
		};
		B5FEC1AC23C6A998005A37C6 /* MinhaEmpresaTests */ = {
			isa = PBXGroup;
			children = (
				B5FEC1AD23C6A998005A37C6 /* MinhaEmpresaTests.swift */,
				B5FEC1AF23C6A998005A37C6 /* Info.plist */,
			);
			path = MinhaEmpresaTests;
			sourceTree = "<group>";
		};
		B5FEC1BA23C76ABD005A37C6 /* Screens */ = {
			isa = PBXGroup;
			children = (
				B5FEC1BB23C76AC5005A37C6 /* Main */,
				B5FEC1BC23C76AC9005A37C6 /* Home */,
			);
			path = Screens;
			sourceTree = "<group>";
		};
		B5FEC1BB23C76AC5005A37C6 /* Main */ = {
			isa = PBXGroup;
			children = (
				B5FEC19A23C6A996005A37C6 /* MainContentView.swift */,
				B5FEC1B823C6B65E005A37C6 /* MainViewModel.swift */,
			);
			path = Main;
			sourceTree = "<group>";
		};
		B5FEC1BC23C76AC9005A37C6 /* Home */ = {
			isa = PBXGroup;
			children = (
				B5FEC1BD23C76ADB005A37C6 /* HomeContentView.swift */,
			);
			path = Home;
			sourceTree = "<group>";
		};
		B5FEC1BF23C76B40005A37C6 /* App */ = {
			isa = PBXGroup;
			children = (
				B5FEC19623C6A996005A37C6 /* AppDelegate.swift */,
				B5FEC19823C6A996005A37C6 /* SceneDelegate.swift */,
			);
			name = App;
			sourceTree = "<group>";
		};
		B86C197F2479DD4D007EA1C3 /* Enums */ = {
			isa = PBXGroup;
			children = (
				B86C19802479DD7B007EA1C3 /* Locale.swift */,
			);
			path = Enums;
			sourceTree = "<group>";
		};
/* End PBXGroup section */

/* Begin PBXNativeTarget section */
		B5FEC19223C6A996005A37C6 /* MinhaEmpresa */ = {
			isa = PBXNativeTarget;
			buildConfigurationList = B5FEC1B223C6A998005A37C6 /* Build configuration list for PBXNativeTarget "MinhaEmpresa" */;
			buildPhases = (
				B5FEC18F23C6A996005A37C6 /* Sources */,
				B5FEC19023C6A996005A37C6 /* Frameworks */,
				B5FEC19123C6A996005A37C6 /* Resources */,
			);
			buildRules = (
			);
			dependencies = (
			);
			name = MinhaEmpresa;
			productName = MinhaEmpresa;
			productReference = B5FEC19323C6A996005A37C6 /* MinhaEmpresa.app */;
			productType = "com.apple.product-type.application";
		};
		B5FEC1A823C6A998005A37C6 /* MinhaEmpresaTests */ = {
			isa = PBXNativeTarget;
			buildConfigurationList = B5FEC1B523C6A998005A37C6 /* Build configuration list for PBXNativeTarget "MinhaEmpresaTests" */;
			buildPhases = (
				B5FEC1A523C6A998005A37C6 /* Sources */,
				B5FEC1A623C6A998005A37C6 /* Frameworks */,
				B5FEC1A723C6A998005A37C6 /* Resources */,
			);
			buildRules = (
			);
			dependencies = (
				B5FEC1AB23C6A998005A37C6 /* PBXTargetDependency */,
			);
			name = MinhaEmpresaTests;
			productName = MinhaEmpresaTests;
			productReference = B5FEC1A923C6A998005A37C6 /* MinhaEmpresaTests.xctest */;
			productType = "com.apple.product-type.bundle.unit-test";
		};
/* End PBXNativeTarget section */

/* Begin PBXProject section */
		B5FEC18B23C6A996005A37C6 /* Project object */ = {
			isa = PBXProject;
			attributes = {
				LastSwiftUpdateCheck = 1130;
				LastUpgradeCheck = 1130;
				ORGANIZATIONNAME = "Chrystian Salgado";
				TargetAttributes = {
					B5FEC19223C6A996005A37C6 = {
						CreatedOnToolsVersion = 11.3;
					};
					B5FEC1A823C6A998005A37C6 = {
						CreatedOnToolsVersion = 11.3;
						TestTargetID = B5FEC19223C6A996005A37C6;
					};
				};
			};
			buildConfigurationList = B5FEC18E23C6A996005A37C6 /* Build configuration list for PBXProject "MinhaEmpresa" */;
			compatibilityVersion = "Xcode 9.3";
			developmentRegion = en;
			hasScannedForEncodings = 0;
			knownRegions = (
				en,
				Base,
				"pt-BR",
			);
			mainGroup = B5FEC18A23C6A996005A37C6;
			productRefGroup = B5FEC19423C6A996005A37C6 /* Products */;
			projectDirPath = "";
			projectRoot = "";
			targets = (
				B5FEC19223C6A996005A37C6 /* MinhaEmpresa */,
				B5FEC1A823C6A998005A37C6 /* MinhaEmpresaTests */,
			);
		};
/* End PBXProject section */

/* Begin PBXResourcesBuildPhase section */
		B5FEC19123C6A996005A37C6 /* Resources */ = {
			isa = PBXResourcesBuildPhase;
			buildActionMask = 2147483647;
			files = (
				B5E3823F23CB9C34002B58DC /* Localizable.strings in Resources */,
				B5FEC1A323C6A998005A37C6 /* LaunchScreen.storyboard in Resources */,
				B5FEC1A023C6A998005A37C6 /* Preview Assets.xcassets in Resources */,
				B5FEC19D23C6A998005A37C6 /* Assets.xcassets in Resources */,
			);
			runOnlyForDeploymentPostprocessing = 0;
		};
		B5FEC1A723C6A998005A37C6 /* Resources */ = {
			isa = PBXResourcesBuildPhase;
			buildActionMask = 2147483647;
			files = (
			);
			runOnlyForDeploymentPostprocessing = 0;
		};
/* End PBXResourcesBuildPhase section */

/* Begin PBXSourcesBuildPhase section */
		B5FEC18F23C6A996005A37C6 /* Sources */ = {
			isa = PBXSourcesBuildPhase;
			buildActionMask = 2147483647;
			files = (
				B54EB29023C77FF0000B72E7 /* Network.swift in Sources */,
				B598B89023CA551A0001107C /* RowView.swift in Sources */,
				B832F97D244F526200B35059 /* ShortcutManager.swift in Sources */,
				B8C9415A2464321B00CA3F4B /* StringExtensions.swift in Sources */,
				B5FEC19723C6A996005A37C6 /* AppDelegate.swift in Sources */,
				B8C941582464290600CA3F4B /* CustomButton.swift in Sources */,
				B5FEC19923C6A996005A37C6 /* SceneDelegate.swift in Sources */,
				B54EB28C23C77FD4000B72E7 /* NetworkWorker.swift in Sources */,
				B54EB29523C78028000B72E7 /* Enterprise.swift in Sources */,
				B5FEC19B23C6A996005A37C6 /* MainContentView.swift in Sources */,
				B5E3824423CB9FF4002B58DC /* ButtonStyle.swift in Sources */,
				B86C19812479DD7B007EA1C3 /* Locale.swift in Sources */,
				B5F9026023D49E240076C4B3 /* CustomTextField.swift in Sources */,
				B598B89323CA5F160001107C /* CanSaveToDisk.swift in Sources */,
				B5FEC1BE23C76ADB005A37C6 /* HomeContentView.swift in Sources */,
				B598B89523CA5F480001107C /* EmptyRequest.swift in Sources */,
				B5E3823923CB9401002B58DC /* BackgroundView.swift in Sources */,
				B5EE85F223C771C500AC97AE /* ColorAsset.swift in Sources */,
				B5FEC1B923C6B65E005A37C6 /* MainViewModel.swift in Sources */,
				B54EB28E23C77FE3000B72E7 /* Manager.swift in Sources */,
				B54EB29223C78000000B72E7 /* Endpoint.swift in Sources */,
				B5EE85F623C77E2600AC97AE /* CustomDivider.swift in Sources */,
			);
			runOnlyForDeploymentPostprocessing = 0;
		};
		B5FEC1A523C6A998005A37C6 /* Sources */ = {
			isa = PBXSourcesBuildPhase;
			buildActionMask = 2147483647;
			files = (
				B5FEC1AE23C6A998005A37C6 /* MinhaEmpresaTests.swift in Sources */,
			);
			runOnlyForDeploymentPostprocessing = 0;
		};
/* End PBXSourcesBuildPhase section */

/* Begin PBXTargetDependency section */
		B5FEC1AB23C6A998005A37C6 /* PBXTargetDependency */ = {
			isa = PBXTargetDependency;
			target = B5FEC19223C6A996005A37C6 /* MinhaEmpresa */;
			targetProxy = B5FEC1AA23C6A998005A37C6 /* PBXContainerItemProxy */;
		};
/* End PBXTargetDependency section */

/* Begin PBXVariantGroup section */
		B5E3824123CB9C34002B58DC /* Localizable.strings */ = {
			isa = PBXVariantGroup;
			children = (
				B5E3824023CB9C34002B58DC /* pt-BR */,
				B5E3824223CB9C42002B58DC /* en */,
			);
			name = Localizable.strings;
			sourceTree = "<group>";
		};
		B5FEC1A123C6A998005A37C6 /* LaunchScreen.storyboard */ = {
			isa = PBXVariantGroup;
			children = (
				B5FEC1A223C6A998005A37C6 /* Base */,
				B5E3823E23CB9C27002B58DC /* pt-BR */,
			);
			name = LaunchScreen.storyboard;
			sourceTree = "<group>";
		};
/* End PBXVariantGroup section */

/* Begin XCBuildConfiguration section */
		B5FEC1B023C6A998005A37C6 /* Debug */ = {
			isa = XCBuildConfiguration;
			buildSettings = {
				ALWAYS_SEARCH_USER_PATHS = NO;
				APP_SUFIX = .dev;
				BASE_URL = www.receitaws.com.br;
				CLANG_ANALYZER_LOCALIZABILITY_NONLOCALIZED = YES;
				CLANG_ANALYZER_NONNULL = YES;
				CLANG_ANALYZER_NUMBER_OBJECT_CONVERSION = YES_AGGRESSIVE;
				CLANG_CXX_LANGUAGE_STANDARD = "gnu++14";
				CLANG_CXX_LIBRARY = "libc++";
				CLANG_ENABLE_MODULES = YES;
				CLANG_ENABLE_OBJC_ARC = YES;
				CLANG_ENABLE_OBJC_WEAK = YES;
				CLANG_WARN_BLOCK_CAPTURE_AUTORELEASING = YES;
				CLANG_WARN_BOOL_CONVERSION = YES;
				CLANG_WARN_COMMA = YES;
				CLANG_WARN_CONSTANT_CONVERSION = YES;
				CLANG_WARN_DEPRECATED_OBJC_IMPLEMENTATIONS = YES;
				CLANG_WARN_DIRECT_OBJC_ISA_USAGE = YES_ERROR;
				CLANG_WARN_DOCUMENTATION_COMMENTS = YES;
				CLANG_WARN_EMPTY_BODY = YES;
				CLANG_WARN_ENUM_CONVERSION = YES;
				CLANG_WARN_INFINITE_RECURSION = YES;
				CLANG_WARN_INT_CONVERSION = YES;
				CLANG_WARN_NON_LITERAL_NULL_CONVERSION = YES;
				CLANG_WARN_OBJC_IMPLICIT_RETAIN_SELF = YES;
				CLANG_WARN_OBJC_LITERAL_CONVERSION = YES;
				CLANG_WARN_OBJC_ROOT_CLASS = YES_ERROR;
				CLANG_WARN_RANGE_LOOP_ANALYSIS = YES;
				CLANG_WARN_STRICT_PROTOTYPES = YES;
				CLANG_WARN_SUSPICIOUS_MOVE = YES;
				CLANG_WARN_UNGUARDED_AVAILABILITY = YES_AGGRESSIVE;
				CLANG_WARN_UNREACHABLE_CODE = YES;
				CLANG_WARN__DUPLICATE_METHOD_MATCH = YES;
				COPY_PHASE_STRIP = NO;
				DEBUG_INFORMATION_FORMAT = dwarf;
				ENABLE_STRICT_OBJC_MSGSEND = YES;
				ENABLE_TESTABILITY = YES;
				GCC_C_LANGUAGE_STANDARD = gnu11;
				GCC_DYNAMIC_NO_PIC = NO;
				GCC_NO_COMMON_BLOCKS = YES;
				GCC_OPTIMIZATION_LEVEL = 0;
				GCC_PREPROCESSOR_DEFINITIONS = (
					"DEBUG=1",
					"$(inherited)",
				);
				GCC_WARN_64_TO_32_BIT_CONVERSION = YES;
				GCC_WARN_ABOUT_RETURN_TYPE = YES_ERROR;
				GCC_WARN_UNDECLARED_SELECTOR = YES;
				GCC_WARN_UNINITIALIZED_AUTOS = YES_AGGRESSIVE;
				GCC_WARN_UNUSED_FUNCTION = YES;
				GCC_WARN_UNUSED_VARIABLE = YES;
				HTTP_PROTOCOL = https;
				IPHONEOS_DEPLOYMENT_TARGET = 13.2;
				MTL_ENABLE_DEBUG_INFO = INCLUDE_SOURCE;
				MTL_FAST_MATH = YES;
				ONLY_ACTIVE_ARCH = YES;
				SDKROOT = iphoneos;
				SWIFT_ACTIVE_COMPILATION_CONDITIONS = DEBUG;
				SWIFT_OPTIMIZATION_LEVEL = "-Onone";
			};
			name = Debug;
		};
		B5FEC1B123C6A998005A37C6 /* Release */ = {
			isa = XCBuildConfiguration;
			buildSettings = {
				ALWAYS_SEARCH_USER_PATHS = NO;
				APP_SUFIX = .dev;
				BASE_URL = www.receitaws.com.br;
				CLANG_ANALYZER_LOCALIZABILITY_NONLOCALIZED = YES;
				CLANG_ANALYZER_NONNULL = YES;
				CLANG_ANALYZER_NUMBER_OBJECT_CONVERSION = YES_AGGRESSIVE;
				CLANG_CXX_LANGUAGE_STANDARD = "gnu++14";
				CLANG_CXX_LIBRARY = "libc++";
				CLANG_ENABLE_MODULES = YES;
				CLANG_ENABLE_OBJC_ARC = YES;
				CLANG_ENABLE_OBJC_WEAK = YES;
				CLANG_WARN_BLOCK_CAPTURE_AUTORELEASING = YES;
				CLANG_WARN_BOOL_CONVERSION = YES;
				CLANG_WARN_COMMA = YES;
				CLANG_WARN_CONSTANT_CONVERSION = YES;
				CLANG_WARN_DEPRECATED_OBJC_IMPLEMENTATIONS = YES;
				CLANG_WARN_DIRECT_OBJC_ISA_USAGE = YES_ERROR;
				CLANG_WARN_DOCUMENTATION_COMMENTS = YES;
				CLANG_WARN_EMPTY_BODY = YES;
				CLANG_WARN_ENUM_CONVERSION = YES;
				CLANG_WARN_INFINITE_RECURSION = YES;
				CLANG_WARN_INT_CONVERSION = YES;
				CLANG_WARN_NON_LITERAL_NULL_CONVERSION = YES;
				CLANG_WARN_OBJC_IMPLICIT_RETAIN_SELF = YES;
				CLANG_WARN_OBJC_LITERAL_CONVERSION = YES;
				CLANG_WARN_OBJC_ROOT_CLASS = YES_ERROR;
				CLANG_WARN_RANGE_LOOP_ANALYSIS = YES;
				CLANG_WARN_STRICT_PROTOTYPES = YES;
				CLANG_WARN_SUSPICIOUS_MOVE = YES;
				CLANG_WARN_UNGUARDED_AVAILABILITY = YES_AGGRESSIVE;
				CLANG_WARN_UNREACHABLE_CODE = YES;
				CLANG_WARN__DUPLICATE_METHOD_MATCH = YES;
				COPY_PHASE_STRIP = NO;
				DEBUG_INFORMATION_FORMAT = "dwarf-with-dsym";
				ENABLE_NS_ASSERTIONS = NO;
				ENABLE_STRICT_OBJC_MSGSEND = YES;
				GCC_C_LANGUAGE_STANDARD = gnu11;
				GCC_NO_COMMON_BLOCKS = YES;
				GCC_WARN_64_TO_32_BIT_CONVERSION = YES;
				GCC_WARN_ABOUT_RETURN_TYPE = YES_ERROR;
				GCC_WARN_UNDECLARED_SELECTOR = YES;
				GCC_WARN_UNINITIALIZED_AUTOS = YES_AGGRESSIVE;
				GCC_WARN_UNUSED_FUNCTION = YES;
				GCC_WARN_UNUSED_VARIABLE = YES;
				HTTP_PROTOCOL = https;
				IPHONEOS_DEPLOYMENT_TARGET = 13.2;
				MTL_ENABLE_DEBUG_INFO = NO;
				MTL_FAST_MATH = YES;
				SDKROOT = iphoneos;
				SWIFT_COMPILATION_MODE = wholemodule;
				SWIFT_OPTIMIZATION_LEVEL = "-O";
				VALIDATE_PRODUCT = YES;
			};
			name = Release;
		};
		B5FEC1B323C6A998005A37C6 /* Debug */ = {
			isa = XCBuildConfiguration;
			buildSettings = {
				ASSETCATALOG_COMPILER_APPICON_NAME = AppIcon;
				CODE_SIGN_STYLE = Automatic;
				DEVELOPMENT_ASSET_PATHS = "\"MinhaEmpresa/Preview Content\"";
				DEVELOPMENT_TEAM = N9H95ZBM4X;
				ENABLE_PREVIEWS = YES;
				INFOPLIST_FILE = MinhaEmpresa/Info.plist;
				LD_RUNPATH_SEARCH_PATHS = (
					"$(inherited)",
					"@executable_path/Frameworks",
				);
				PRODUCT_BUNDLE_IDENTIFIER = salgadosproduction.MinhaEmpresa;
				PRODUCT_NAME = "$(TARGET_NAME)";
				SWIFT_VERSION = 5.0;
				TARGETED_DEVICE_FAMILY = 1;
			};
			name = Debug;
		};
		B5FEC1B423C6A998005A37C6 /* Release */ = {
			isa = XCBuildConfiguration;
			buildSettings = {
				ASSETCATALOG_COMPILER_APPICON_NAME = AppIcon;
				CODE_SIGN_STYLE = Automatic;
				DEVELOPMENT_ASSET_PATHS = "\"MinhaEmpresa/Preview Content\"";
				DEVELOPMENT_TEAM = N9H95ZBM4X;
				ENABLE_PREVIEWS = YES;
				INFOPLIST_FILE = MinhaEmpresa/Info.plist;
				LD_RUNPATH_SEARCH_PATHS = (
					"$(inherited)",
					"@executable_path/Frameworks",
				);
				PRODUCT_BUNDLE_IDENTIFIER = salgadosproduction.MinhaEmpresa;
				PRODUCT_NAME = "$(TARGET_NAME)";
				SWIFT_VERSION = 5.0;
				TARGETED_DEVICE_FAMILY = 1;
			};
			name = Release;
		};
		B5FEC1B623C6A998005A37C6 /* Debug */ = {
			isa = XCBuildConfiguration;
			buildSettings = {
				ALWAYS_EMBED_SWIFT_STANDARD_LIBRARIES = YES;
				BUNDLE_LOADER = "$(TEST_HOST)";
				CODE_SIGN_STYLE = Automatic;
				INFOPLIST_FILE = MinhaEmpresaTests/Info.plist;
				IPHONEOS_DEPLOYMENT_TARGET = 13.2;
				LD_RUNPATH_SEARCH_PATHS = (
					"$(inherited)",
					"@executable_path/Frameworks",
					"@loader_path/Frameworks",
				);
				PRODUCT_BUNDLE_IDENTIFIER = salgadosproduction.MinhaEmpresaTests;
				PRODUCT_NAME = "$(TARGET_NAME)";
				SWIFT_VERSION = 5.0;
				TARGETED_DEVICE_FAMILY = "1,2";
				TEST_HOST = "$(BUILT_PRODUCTS_DIR)/MinhaEmpresa.app/MinhaEmpresa";
			};
			name = Debug;
		};
		B5FEC1B723C6A998005A37C6 /* Release */ = {
			isa = XCBuildConfiguration;
			buildSettings = {
				ALWAYS_EMBED_SWIFT_STANDARD_LIBRARIES = YES;
				BUNDLE_LOADER = "$(TEST_HOST)";
				CODE_SIGN_STYLE = Automatic;
				INFOPLIST_FILE = MinhaEmpresaTests/Info.plist;
				IPHONEOS_DEPLOYMENT_TARGET = 13.2;
				LD_RUNPATH_SEARCH_PATHS = (
					"$(inherited)",
					"@executable_path/Frameworks",
					"@loader_path/Frameworks",
				);
				PRODUCT_BUNDLE_IDENTIFIER = salgadosproduction.MinhaEmpresaTests;
				PRODUCT_NAME = "$(TARGET_NAME)";
				SWIFT_VERSION = 5.0;
				TARGETED_DEVICE_FAMILY = "1,2";
				TEST_HOST = "$(BUILT_PRODUCTS_DIR)/MinhaEmpresa.app/MinhaEmpresa";
			};
			name = Release;
		};
/* End XCBuildConfiguration section */

/* Begin XCConfigurationList section */
		B5FEC18E23C6A996005A37C6 /* Build configuration list for PBXProject "MinhaEmpresa" */ = {
			isa = XCConfigurationList;
			buildConfigurations = (
				B5FEC1B023C6A998005A37C6 /* Debug */,
				B5FEC1B123C6A998005A37C6 /* Release */,
			);
			defaultConfigurationIsVisible = 0;
			defaultConfigurationName = Release;
		};
		B5FEC1B223C6A998005A37C6 /* Build configuration list for PBXNativeTarget "MinhaEmpresa" */ = {
			isa = XCConfigurationList;
			buildConfigurations = (
				B5FEC1B323C6A998005A37C6 /* Debug */,
				B5FEC1B423C6A998005A37C6 /* Release */,
			);
			defaultConfigurationIsVisible = 0;
			defaultConfigurationName = Release;
		};
		B5FEC1B523C6A998005A37C6 /* Build configuration list for PBXNativeTarget "MinhaEmpresaTests" */ = {
			isa = XCConfigurationList;
			buildConfigurations = (
				B5FEC1B623C6A998005A37C6 /* Debug */,
				B5FEC1B723C6A998005A37C6 /* Release */,
			);
			defaultConfigurationIsVisible = 0;
			defaultConfigurationName = Release;
		};
/* End XCConfigurationList section */
	};
	rootObject = B5FEC18B23C6A996005A37C6 /* Project object */;
}
