// !$*UTF8*$!
{
	archiveVersion = 1;
	classes = {
	};
	objectVersion = 50;
	objects = {

/* Begin PBXBuildFile section */
		B550EE1922EDF6FF005AB323 /* RegistrationButton.xib in Resources */ = {isa = PBXBuildFile; fileRef = B550EE1822EDF6FF005AB323 /* RegistrationButton.xib */; };
		B550EE1B22EDF76F005AB323 /* RegisterNoteHeaderView.swift in Sources */ = {isa = PBXBuildFile; fileRef = B550EE1A22EDF76F005AB323 /* RegisterNoteHeaderView.swift */; };
		B565386F22ED418B00E5F65B /* RegisterNoteTableViewCell.xib in Resources */ = {isa = PBXBuildFile; fileRef = B565386E22ED418B00E5F65B /* RegisterNoteTableViewCell.xib */; };
		B565387222ED419600E5F65B /* RegistrationNoteView.swift in Sources */ = {isa = PBXBuildFile; fileRef = B565387022ED419600E5F65B /* RegistrationNoteView.swift */; };
		B565387322ED419600E5F65B /* RegisterNoteTableViewCell.swift in Sources */ = {isa = PBXBuildFile; fileRef = B565387122ED419600E5F65B /* RegisterNoteTableViewCell.swift */; };
		B565388D22ED427E00E5F65B /* StyleKit.framework in Frameworks */ = {isa = PBXBuildFile; fileRef = B565388C22ED427E00E5F65B /* StyleKit.framework */; };
		B5B2F22722E8752500C48305 /* ResgisterNoteViewController.swift in Sources */ = {isa = PBXBuildFile; fileRef = B5B2F22622E8752500C48305 /* ResgisterNoteViewController.swift */; };
		B5B2F22922E8754900C48305 /* ResgisterNoteViewModel.swift in Sources */ = {isa = PBXBuildFile; fileRef = B5B2F22822E8754900C48305 /* ResgisterNoteViewModel.swift */; };
		B5B2F22C22E8766E00C48305 /* RegisterNote.storyboard in Resources */ = {isa = PBXBuildFile; fileRef = B5B2F22B22E8766E00C48305 /* RegisterNote.storyboard */; };
		B5E03A2322E86CAB00EC85A7 /* Feature.framework in Frameworks */ = {isa = PBXBuildFile; fileRef = B5E03A1922E86CAB00EC85A7 /* Feature.framework */; };
		B5E03A2822E86CAB00EC85A7 /* FeatureTests.swift in Sources */ = {isa = PBXBuildFile; fileRef = B5E03A2722E86CAB00EC85A7 /* FeatureTests.swift */; };
		B5E03A2A22E86CAB00EC85A7 /* Feature.h in Headers */ = {isa = PBXBuildFile; fileRef = B5E03A1C22E86CAB00EC85A7 /* Feature.h */; settings = {ATTRIBUTES = (Public, ); }; };
		B5E03A3E22E86D6000EC85A7 /* Feature.swift in Sources */ = {isa = PBXBuildFile; fileRef = B5E03A3D22E86D6000EC85A7 /* Feature.swift */; };
		B5E03A4222E86E3200EC85A7 /* CoordinatorProtocol.swift in Sources */ = {isa = PBXBuildFile; fileRef = B5E03A4122E86E3200EC85A7 /* CoordinatorProtocol.swift */; };
		B5E03A4722E870EF00EC85A7 /* ResgisterNoteCoordinator.swift in Sources */ = {isa = PBXBuildFile; fileRef = B5E03A4622E870EF00EC85A7 /* ResgisterNoteCoordinator.swift */; };
/* End PBXBuildFile section */

/* Begin PBXContainerItemProxy section */
		B5E03A2422E86CAB00EC85A7 /* PBXContainerItemProxy */ = {
			isa = PBXContainerItemProxy;
			containerPortal = B5E03A1022E86CAB00EC85A7 /* Project object */;
			proxyType = 1;
			remoteGlobalIDString = B5E03A1822E86CAB00EC85A7;
			remoteInfo = Feature;
		};
/* End PBXContainerItemProxy section */

/* Begin PBXFileReference section */
		B550EE1822EDF6FF005AB323 /* RegistrationButton.xib */ = {isa = PBXFileReference; lastKnownFileType = file.xib; path = RegistrationButton.xib; sourceTree = "<group>"; };
		B550EE1A22EDF76F005AB323 /* RegisterNoteHeaderView.swift */ = {isa = PBXFileReference; lastKnownFileType = sourcecode.swift; path = RegisterNoteHeaderView.swift; sourceTree = "<group>"; };
		B565386E22ED418B00E5F65B /* RegisterNoteTableViewCell.xib */ = {isa = PBXFileReference; fileEncoding = 4; lastKnownFileType = file.xib; path = RegisterNoteTableViewCell.xib; sourceTree = "<group>"; };
		B565387022ED419600E5F65B /* RegistrationNoteView.swift */ = {isa = PBXFileReference; fileEncoding = 4; lastKnownFileType = sourcecode.swift; path = RegistrationNoteView.swift; sourceTree = "<group>"; };
		B565387122ED419600E5F65B /* RegisterNoteTableViewCell.swift */ = {isa = PBXFileReference; fileEncoding = 4; lastKnownFileType = sourcecode.swift; path = RegisterNoteTableViewCell.swift; sourceTree = "<group>"; };
		B565388C22ED427E00E5F65B /* StyleKit.framework */ = {isa = PBXFileReference; explicitFileType = wrapper.framework; path = StyleKit.framework; sourceTree = BUILT_PRODUCTS_DIR; };
		B565389B22EDEC5900E5F65B /* Pods_MinhaEmpresa.framework */ = {isa = PBXFileReference; explicitFileType = wrapper.framework; path = Pods_MinhaEmpresa.framework; sourceTree = BUILT_PRODUCTS_DIR; };
		B5B2F22622E8752500C48305 /* ResgisterNoteViewController.swift */ = {isa = PBXFileReference; lastKnownFileType = sourcecode.swift; path = ResgisterNoteViewController.swift; sourceTree = "<group>"; };
		B5B2F22822E8754900C48305 /* ResgisterNoteViewModel.swift */ = {isa = PBXFileReference; lastKnownFileType = sourcecode.swift; path = ResgisterNoteViewModel.swift; sourceTree = "<group>"; };
		B5B2F22B22E8766E00C48305 /* RegisterNote.storyboard */ = {isa = PBXFileReference; lastKnownFileType = file.storyboard; path = RegisterNote.storyboard; sourceTree = "<group>"; };
		B5E03A1922E86CAB00EC85A7 /* Feature.framework */ = {isa = PBXFileReference; explicitFileType = wrapper.framework; includeInIndex = 0; path = Feature.framework; sourceTree = BUILT_PRODUCTS_DIR; };
		B5E03A1C22E86CAB00EC85A7 /* Feature.h */ = {isa = PBXFileReference; lastKnownFileType = sourcecode.c.h; path = Feature.h; sourceTree = "<group>"; };
		B5E03A1D22E86CAB00EC85A7 /* Info.plist */ = {isa = PBXFileReference; lastKnownFileType = text.plist.xml; path = Info.plist; sourceTree = "<group>"; };
		B5E03A2222E86CAB00EC85A7 /* FeatureTests.xctest */ = {isa = PBXFileReference; explicitFileType = wrapper.cfbundle; includeInIndex = 0; path = FeatureTests.xctest; sourceTree = BUILT_PRODUCTS_DIR; };
		B5E03A2722E86CAB00EC85A7 /* FeatureTests.swift */ = {isa = PBXFileReference; lastKnownFileType = sourcecode.swift; path = FeatureTests.swift; sourceTree = "<group>"; };
		B5E03A2922E86CAB00EC85A7 /* Info.plist */ = {isa = PBXFileReference; lastKnownFileType = text.plist.xml; path = Info.plist; sourceTree = "<group>"; };
		B5E03A3D22E86D6000EC85A7 /* Feature.swift */ = {isa = PBXFileReference; lastKnownFileType = sourcecode.swift; path = Feature.swift; sourceTree = "<group>"; };
		B5E03A4122E86E3200EC85A7 /* CoordinatorProtocol.swift */ = {isa = PBXFileReference; lastKnownFileType = sourcecode.swift; path = CoordinatorProtocol.swift; sourceTree = "<group>"; };
		B5E03A4622E870EF00EC85A7 /* ResgisterNoteCoordinator.swift */ = {isa = PBXFileReference; lastKnownFileType = sourcecode.swift; path = ResgisterNoteCoordinator.swift; sourceTree = "<group>"; };
/* End PBXFileReference section */

/* Begin PBXFrameworksBuildPhase section */
		B5E03A1622E86CAB00EC85A7 /* Frameworks */ = {
			isa = PBXFrameworksBuildPhase;
			buildActionMask = 2147483647;
			files = (
				B565388D22ED427E00E5F65B /* StyleKit.framework in Frameworks */,
			);
			runOnlyForDeploymentPostprocessing = 0;
		};
		B5E03A1F22E86CAB00EC85A7 /* Frameworks */ = {
			isa = PBXFrameworksBuildPhase;
			buildActionMask = 2147483647;
			files = (
				B5E03A2322E86CAB00EC85A7 /* Feature.framework in Frameworks */,
			);
			runOnlyForDeploymentPostprocessing = 0;
		};
/* End PBXFrameworksBuildPhase section */

/* Begin PBXGroup section */
		B54CD55D22FA5A1A00E26BA6 /* Protocol */ = {
			isa = PBXGroup;
			children = (
				B5E03A4122E86E3200EC85A7 /* CoordinatorProtocol.swift */,
			);
			path = Protocol;
			sourceTree = "<group>";
		};
		B54CD55E22FA5A5400E26BA6 /* View */ = {
			isa = PBXGroup;
			children = (
				B565387122ED419600E5F65B /* RegisterNoteTableViewCell.swift */,
				B565387022ED419600E5F65B /* RegistrationNoteView.swift */,
				B550EE1A22EDF76F005AB323 /* RegisterNoteHeaderView.swift */,
				B5B2F22622E8752500C48305 /* ResgisterNoteViewController.swift */,
			);
			name = View;
			sourceTree = "<group>";
		};
		B54CD55F22FA5A7500E26BA6 /* View Model */ = {
			isa = PBXGroup;
			children = (
				B5B2F22822E8754900C48305 /* ResgisterNoteViewModel.swift */,
			);
			name = "View Model";
			sourceTree = "<group>";
		};
		B54CD56022FA5AC700E26BA6 /* Resources */ = {
			isa = PBXGroup;
			children = (
				B565386E22ED418B00E5F65B /* RegisterNoteTableViewCell.xib */,
				B5B2F22B22E8766E00C48305 /* RegisterNote.storyboard */,
				B550EE1822EDF6FF005AB323 /* RegistrationButton.xib */,
			);
			name = Resources;
			sourceTree = "<group>";
		};
		B54CD56122FA615F00E26BA6 /* Resources */ = {
			isa = PBXGroup;
			children = (
			);
			path = Resources;
			sourceTree = "<group>";
		};
		B565388B22ED427E00E5F65B /* Frameworks */ = {
			isa = PBXGroup;
			children = (
				B565389B22EDEC5900E5F65B /* Pods_MinhaEmpresa.framework */,
				B565388C22ED427E00E5F65B /* StyleKit.framework */,
			);
			name = Frameworks;
			sourceTree = "<group>";
		};
		B5E03A0F22E86CAB00EC85A7 = {
			isa = PBXGroup;
			children = (
				B5E03A1B22E86CAB00EC85A7 /* Feature */,
				B5E03A2622E86CAB00EC85A7 /* FeatureTests */,
				B5E03A1A22E86CAB00EC85A7 /* Products */,
				B565388B22ED427E00E5F65B /* Frameworks */,
			);
			sourceTree = "<group>";
		};
		B5E03A1A22E86CAB00EC85A7 /* Products */ = {
			isa = PBXGroup;
			children = (
				B5E03A1922E86CAB00EC85A7 /* Feature.framework */,
				B5E03A2222E86CAB00EC85A7 /* FeatureTests.xctest */,
			);
			name = Products;
			sourceTree = "<group>";
		};
		B5E03A1B22E86CAB00EC85A7 /* Feature */ = {
			isa = PBXGroup;
			children = (
				B5E03A3D22E86D6000EC85A7 /* Feature.swift */,
				B54CD55D22FA5A1A00E26BA6 /* Protocol */,
				B5E03A4022E86E1700EC85A7 /* Scenes */,
				B54CD56122FA615F00E26BA6 /* Resources */,
				B5E03A3C22E86D4C00EC85A7 /* Other Sources */,
			);
			path = Feature;
			sourceTree = "<group>";
		};
		B5E03A2622E86CAB00EC85A7 /* FeatureTests */ = {
			isa = PBXGroup;
			children = (
				B5E03A2722E86CAB00EC85A7 /* FeatureTests.swift */,
				B5E03A2922E86CAB00EC85A7 /* Info.plist */,
			);
			path = FeatureTests;
			sourceTree = "<group>";
		};
		B5E03A3C22E86D4C00EC85A7 /* Other Sources */ = {
			isa = PBXGroup;
			children = (
				B5E03A1C22E86CAB00EC85A7 /* Feature.h */,
				B5E03A1D22E86CAB00EC85A7 /* Info.plist */,
			);
			name = "Other Sources";
			sourceTree = "<group>";
		};
		B5E03A4022E86E1700EC85A7 /* Scenes */ = {
			isa = PBXGroup;
			children = (
				B5E03A4522E870E000EC85A7 /* RegisterNote */,
			);
			name = Scenes;
			path = Sources/Scenes;
			sourceTree = "<group>";
		};
		B5E03A4522E870E000EC85A7 /* RegisterNote */ = {
			isa = PBXGroup;
			children = (
				B5E03A4622E870EF00EC85A7 /* ResgisterNoteCoordinator.swift */,
				B54CD55E22FA5A5400E26BA6 /* View */,
				B54CD55F22FA5A7500E26BA6 /* View Model */,
				B54CD56022FA5AC700E26BA6 /* Resources */,
			);
			path = RegisterNote;
			sourceTree = "<group>";
		};
/* End PBXGroup section */

/* Begin PBXHeadersBuildPhase section */
		B5E03A1422E86CAB00EC85A7 /* Headers */ = {
			isa = PBXHeadersBuildPhase;
			buildActionMask = 2147483647;
			files = (
				B5E03A2A22E86CAB00EC85A7 /* Feature.h in Headers */,
			);
			runOnlyForDeploymentPostprocessing = 0;
		};
/* End PBXHeadersBuildPhase section */

/* Begin PBXNativeTarget section */
		B5E03A1822E86CAB00EC85A7 /* Feature */ = {
			isa = PBXNativeTarget;
			buildConfigurationList = B5E03A2D22E86CAB00EC85A7 /* Build configuration list for PBXNativeTarget "Feature" */;
			buildPhases = (
				B5E03A1422E86CAB00EC85A7 /* Headers */,
				B5E03A1522E86CAB00EC85A7 /* Sources */,
				B5E03A1622E86CAB00EC85A7 /* Frameworks */,
				B5E03A1722E86CAB00EC85A7 /* Resources */,
			);
			buildRules = (
			);
			dependencies = (
			);
			name = Feature;
			productName = Feature;
			productReference = B5E03A1922E86CAB00EC85A7 /* Feature.framework */;
			productType = "com.apple.product-type.framework";
		};
		B5E03A2122E86CAB00EC85A7 /* FeatureTests */ = {
			isa = PBXNativeTarget;
			buildConfigurationList = B5E03A3022E86CAB00EC85A7 /* Build configuration list for PBXNativeTarget "FeatureTests" */;
			buildPhases = (
				B5E03A1E22E86CAB00EC85A7 /* Sources */,
				B5E03A1F22E86CAB00EC85A7 /* Frameworks */,
				B5E03A2022E86CAB00EC85A7 /* Resources */,
			);
			buildRules = (
			);
			dependencies = (
				B5E03A2522E86CAB00EC85A7 /* PBXTargetDependency */,
			);
			name = FeatureTests;
			productName = FeatureTests;
			productReference = B5E03A2222E86CAB00EC85A7 /* FeatureTests.xctest */;
			productType = "com.apple.product-type.bundle.unit-test";
		};
/* End PBXNativeTarget section */

/* Begin PBXProject section */
		B5E03A1022E86CAB00EC85A7 /* Project object */ = {
			isa = PBXProject;
			attributes = {
				DefaultBuildSystemTypeForWorkspace = Original;
				LastSwiftUpdateCheck = 1020;
				LastUpgradeCheck = 1020;
				ORGANIZATIONNAME = "Salgado's Production";
				TargetAttributes = {
					B5E03A1822E86CAB00EC85A7 = {
						CreatedOnToolsVersion = 10.2.1;
						LastSwiftMigration = 1020;
					};
					B5E03A2122E86CAB00EC85A7 = {
						CreatedOnToolsVersion = 10.2.1;
					};
				};
			};
			buildConfigurationList = B5E03A1322E86CAB00EC85A7 /* Build configuration list for PBXProject "Feature" */;
			compatibilityVersion = "Xcode 9.3";
			developmentRegion = en;
			hasScannedForEncodings = 0;
			knownRegions = (
				en,
			);
			mainGroup = B5E03A0F22E86CAB00EC85A7;
			productRefGroup = B5E03A1A22E86CAB00EC85A7 /* Products */;
			projectDirPath = "";
			projectRoot = "";
			targets = (
				B5E03A1822E86CAB00EC85A7 /* Feature */,
				B5E03A2122E86CAB00EC85A7 /* FeatureTests */,
			);
		};
/* End PBXProject section */

/* Begin PBXResourcesBuildPhase section */
		B5E03A1722E86CAB00EC85A7 /* Resources */ = {
			isa = PBXResourcesBuildPhase;
			buildActionMask = 2147483647;
			files = (
				B565386F22ED418B00E5F65B /* RegisterNoteTableViewCell.xib in Resources */,
				B5B2F22C22E8766E00C48305 /* RegisterNote.storyboard in Resources */,
				B550EE1922EDF6FF005AB323 /* RegistrationButton.xib in Resources */,
			);
			runOnlyForDeploymentPostprocessing = 0;
		};
		B5E03A2022E86CAB00EC85A7 /* Resources */ = {
			isa = PBXResourcesBuildPhase;
			buildActionMask = 2147483647;
			files = (
			);
			runOnlyForDeploymentPostprocessing = 0;
		};
/* End PBXResourcesBuildPhase section */

/* Begin PBXSourcesBuildPhase section */
		B5E03A1522E86CAB00EC85A7 /* Sources */ = {
			isa = PBXSourcesBuildPhase;
			buildActionMask = 2147483647;
			files = (
				B5E03A4222E86E3200EC85A7 /* CoordinatorProtocol.swift in Sources */,
				B5E03A3E22E86D6000EC85A7 /* Feature.swift in Sources */,
				B5E03A4722E870EF00EC85A7 /* ResgisterNoteCoordinator.swift in Sources */,
				B565387222ED419600E5F65B /* RegistrationNoteView.swift in Sources */,
				B5B2F22722E8752500C48305 /* ResgisterNoteViewController.swift in Sources */,
				B5B2F22922E8754900C48305 /* ResgisterNoteViewModel.swift in Sources */,
				B550EE1B22EDF76F005AB323 /* RegisterNoteHeaderView.swift in Sources */,
				B565387322ED419600E5F65B /* RegisterNoteTableViewCell.swift in Sources */,
			);
			runOnlyForDeploymentPostprocessing = 0;
		};
		B5E03A1E22E86CAB00EC85A7 /* Sources */ = {
			isa = PBXSourcesBuildPhase;
			buildActionMask = 2147483647;
			files = (
				B5E03A2822E86CAB00EC85A7 /* FeatureTests.swift in Sources */,
			);
			runOnlyForDeploymentPostprocessing = 0;
		};
/* End PBXSourcesBuildPhase section */

/* Begin PBXTargetDependency section */
		B5E03A2522E86CAB00EC85A7 /* PBXTargetDependency */ = {
			isa = PBXTargetDependency;
			target = B5E03A1822E86CAB00EC85A7 /* Feature */;
			targetProxy = B5E03A2422E86CAB00EC85A7 /* PBXContainerItemProxy */;
		};
/* End PBXTargetDependency section */

/* Begin XCBuildConfiguration section */
		B5E03A2B22E86CAB00EC85A7 /* Debug */ = {
			isa = XCBuildConfiguration;
			buildSettings = {
				ALWAYS_SEARCH_USER_PATHS = NO;
				CLANG_ANALYZER_NONNULL = YES;
				CLANG_ANALYZER_NUMBER_OBJECT_CONVERSION = YES_AGGRESSIVE;
				CLANG_CXX_LANGUAGE_STANDARD = "gnu++14";
				CLANG_CXX_LIBRARY = "libc++";
				CLANG_ENABLE_MODULES = YES;
				CLANG_ENABLE_OBJC_ARC = YES;
				CLANG_ENABLE_OBJC_WEAK = YES;
				CLANG_WARN_BLOCK_CAPTURE_AUTORELEASING = YES;
				CLANG_WARN_BOOL_CONVERSION = YES;
				CLANG_WARN_COMMA = YES;
				CLANG_WARN_CONSTANT_CONVERSION = YES;
				CLANG_WARN_DEPRECATED_OBJC_IMPLEMENTATIONS = YES;
				CLANG_WARN_DIRECT_OBJC_ISA_USAGE = YES_ERROR;
				CLANG_WARN_DOCUMENTATION_COMMENTS = YES;
				CLANG_WARN_EMPTY_BODY = YES;
				CLANG_WARN_ENUM_CONVERSION = YES;
				CLANG_WARN_INFINITE_RECURSION = YES;
				CLANG_WARN_INT_CONVERSION = YES;
				CLANG_WARN_NON_LITERAL_NULL_CONVERSION = YES;
				CLANG_WARN_OBJC_IMPLICIT_RETAIN_SELF = YES;
				CLANG_WARN_OBJC_LITERAL_CONVERSION = YES;
				CLANG_WARN_OBJC_ROOT_CLASS = YES_ERROR;
				CLANG_WARN_RANGE_LOOP_ANALYSIS = YES;
				CLANG_WARN_STRICT_PROTOTYPES = YES;
				CLANG_WARN_SUSPICIOUS_MOVE = YES;
				CLANG_WARN_UNGUARDED_AVAILABILITY = YES_AGGRESSIVE;
				CLANG_WARN_UNREACHABLE_CODE = YES;
				CLANG_WARN__DUPLICATE_METHOD_MATCH = YES;
				CODE_SIGN_IDENTITY = "iPhone Developer";
				COPY_PHASE_STRIP = NO;
				CURRENT_PROJECT_VERSION = 1;
				DEBUG_INFORMATION_FORMAT = dwarf;
				ENABLE_STRICT_OBJC_MSGSEND = YES;
				ENABLE_TESTABILITY = YES;
				GCC_C_LANGUAGE_STANDARD = gnu11;
				GCC_DYNAMIC_NO_PIC = NO;
				GCC_NO_COMMON_BLOCKS = YES;
				GCC_OPTIMIZATION_LEVEL = 0;
				GCC_PREPROCESSOR_DEFINITIONS = (
					"DEBUG=1",
					"$(inherited)",
				);
				GCC_WARN_64_TO_32_BIT_CONVERSION = YES;
				GCC_WARN_ABOUT_RETURN_TYPE = YES_ERROR;
				GCC_WARN_UNDECLARED_SELECTOR = YES;
				GCC_WARN_UNINITIALIZED_AUTOS = YES_AGGRESSIVE;
				GCC_WARN_UNUSED_FUNCTION = YES;
				GCC_WARN_UNUSED_VARIABLE = YES;
				IPHONEOS_DEPLOYMENT_TARGET = 12.2;
				MTL_ENABLE_DEBUG_INFO = INCLUDE_SOURCE;
				MTL_FAST_MATH = YES;
				ONLY_ACTIVE_ARCH = YES;
				SDKROOT = iphoneos;
				SWIFT_ACTIVE_COMPILATION_CONDITIONS = DEBUG;
				SWIFT_OPTIMIZATION_LEVEL = "-Onone";
				VERSIONING_SYSTEM = "apple-generic";
				VERSION_INFO_PREFIX = "";
			};
			name = Debug;
		};
		B5E03A2C22E86CAB00EC85A7 /* Release */ = {
			isa = XCBuildConfiguration;
			buildSettings = {
				ALWAYS_SEARCH_USER_PATHS = NO;
				CLANG_ANALYZER_NONNULL = YES;
				CLANG_ANALYZER_NUMBER_OBJECT_CONVERSION = YES_AGGRESSIVE;
				CLANG_CXX_LANGUAGE_STANDARD = "gnu++14";
				CLANG_CXX_LIBRARY = "libc++";
				CLANG_ENABLE_MODULES = YES;
				CLANG_ENABLE_OBJC_ARC = YES;
				CLANG_ENABLE_OBJC_WEAK = YES;
				CLANG_WARN_BLOCK_CAPTURE_AUTORELEASING = YES;
				CLANG_WARN_BOOL_CONVERSION = YES;
				CLANG_WARN_COMMA = YES;
				CLANG_WARN_CONSTANT_CONVERSION = YES;
				CLANG_WARN_DEPRECATED_OBJC_IMPLEMENTATIONS = YES;
				CLANG_WARN_DIRECT_OBJC_ISA_USAGE = YES_ERROR;
				CLANG_WARN_DOCUMENTATION_COMMENTS = YES;
				CLANG_WARN_EMPTY_BODY = YES;
				CLANG_WARN_ENUM_CONVERSION = YES;
				CLANG_WARN_INFINITE_RECURSION = YES;
				CLANG_WARN_INT_CONVERSION = YES;
				CLANG_WARN_NON_LITERAL_NULL_CONVERSION = YES;
				CLANG_WARN_OBJC_IMPLICIT_RETAIN_SELF = YES;
				CLANG_WARN_OBJC_LITERAL_CONVERSION = YES;
				CLANG_WARN_OBJC_ROOT_CLASS = YES_ERROR;
				CLANG_WARN_RANGE_LOOP_ANALYSIS = YES;
				CLANG_WARN_STRICT_PROTOTYPES = YES;
				CLANG_WARN_SUSPICIOUS_MOVE = YES;
				CLANG_WARN_UNGUARDED_AVAILABILITY = YES_AGGRESSIVE;
				CLANG_WARN_UNREACHABLE_CODE = YES;
				CLANG_WARN__DUPLICATE_METHOD_MATCH = YES;
				CODE_SIGN_IDENTITY = "iPhone Developer";
				COPY_PHASE_STRIP = NO;
				CURRENT_PROJECT_VERSION = 1;
				DEBUG_INFORMATION_FORMAT = "dwarf-with-dsym";
				ENABLE_NS_ASSERTIONS = NO;
				ENABLE_STRICT_OBJC_MSGSEND = YES;
				GCC_C_LANGUAGE_STANDARD = gnu11;
				GCC_NO_COMMON_BLOCKS = YES;
				GCC_WARN_64_TO_32_BIT_CONVERSION = YES;
				GCC_WARN_ABOUT_RETURN_TYPE = YES_ERROR;
				GCC_WARN_UNDECLARED_SELECTOR = YES;
				GCC_WARN_UNINITIALIZED_AUTOS = YES_AGGRESSIVE;
				GCC_WARN_UNUSED_FUNCTION = YES;
				GCC_WARN_UNUSED_VARIABLE = YES;
				IPHONEOS_DEPLOYMENT_TARGET = 12.2;
				MTL_ENABLE_DEBUG_INFO = NO;
				MTL_FAST_MATH = YES;
				SDKROOT = iphoneos;
				SWIFT_COMPILATION_MODE = wholemodule;
				SWIFT_OPTIMIZATION_LEVEL = "-O";
				VALIDATE_PRODUCT = YES;
				VERSIONING_SYSTEM = "apple-generic";
				VERSION_INFO_PREFIX = "";
			};
			name = Release;
		};
		B5E03A2E22E86CAB00EC85A7 /* Debug */ = {
			isa = XCBuildConfiguration;
			buildSettings = {
				CLANG_ENABLE_MODULES = YES;
				CODE_SIGN_IDENTITY = "";
				CODE_SIGN_STYLE = Automatic;
				DEFINES_MODULE = YES;
				DYLIB_COMPATIBILITY_VERSION = 1;
				DYLIB_CURRENT_VERSION = 1;
				DYLIB_INSTALL_NAME_BASE = "@rpath";
				INFOPLIST_FILE = Feature/Info.plist;
				INSTALL_PATH = "$(LOCAL_LIBRARY_DIR)/Frameworks";
				IPHONEOS_DEPLOYMENT_TARGET = 11.0;
				LD_RUNPATH_SEARCH_PATHS = (
					"$(inherited)",
					"@executable_path/Frameworks",
					"@loader_path/Frameworks",
				);
				PRODUCT_BUNDLE_IDENTIFIER = salgadosproduction.com.Feature;
				PRODUCT_NAME = "$(TARGET_NAME:c99extidentifier)";
				SKIP_INSTALL = YES;
				SWIFT_OPTIMIZATION_LEVEL = "-Onone";
				SWIFT_VERSION = 5.0;
				TARGETED_DEVICE_FAMILY = "1,2";
			};
			name = Debug;
		};
		B5E03A2F22E86CAB00EC85A7 /* Release */ = {
			isa = XCBuildConfiguration;
			buildSettings = {
				CLANG_ENABLE_MODULES = YES;
				CODE_SIGN_IDENTITY = "";
				CODE_SIGN_STYLE = Automatic;
				DEFINES_MODULE = YES;
				DYLIB_COMPATIBILITY_VERSION = 1;
				DYLIB_CURRENT_VERSION = 1;
				DYLIB_INSTALL_NAME_BASE = "@rpath";
				INFOPLIST_FILE = Feature/Info.plist;
				INSTALL_PATH = "$(LOCAL_LIBRARY_DIR)/Frameworks";
				IPHONEOS_DEPLOYMENT_TARGET = 11.0;
				LD_RUNPATH_SEARCH_PATHS = (
					"$(inherited)",
					"@executable_path/Frameworks",
					"@loader_path/Frameworks",
				);
				PRODUCT_BUNDLE_IDENTIFIER = salgadosproduction.com.Feature;
				PRODUCT_NAME = "$(TARGET_NAME:c99extidentifier)";
				SKIP_INSTALL = YES;
				SWIFT_VERSION = 5.0;
				TARGETED_DEVICE_FAMILY = "1,2";
			};
			name = Release;
		};
		B5E03A3122E86CAB00EC85A7 /* Debug */ = {
			isa = XCBuildConfiguration;
			buildSettings = {
				ALWAYS_EMBED_SWIFT_STANDARD_LIBRARIES = YES;
				CODE_SIGN_STYLE = Automatic;
				INFOPLIST_FILE = FeatureTests/Info.plist;
				LD_RUNPATH_SEARCH_PATHS = (
					"$(inherited)",
					"@executable_path/Frameworks",
					"@loader_path/Frameworks",
				);
				PRODUCT_BUNDLE_IDENTIFIER = salgadosproduction.com.FeatureTests;
				PRODUCT_NAME = "$(TARGET_NAME)";
				SWIFT_VERSION = 5.0;
				TARGETED_DEVICE_FAMILY = "1,2";
			};
			name = Debug;
		};
		B5E03A3222E86CAB00EC85A7 /* Release */ = {
			isa = XCBuildConfiguration;
			buildSettings = {
				ALWAYS_EMBED_SWIFT_STANDARD_LIBRARIES = YES;
				CODE_SIGN_STYLE = Automatic;
				INFOPLIST_FILE = FeatureTests/Info.plist;
				LD_RUNPATH_SEARCH_PATHS = (
					"$(inherited)",
					"@executable_path/Frameworks",
					"@loader_path/Frameworks",
				);
				PRODUCT_BUNDLE_IDENTIFIER = salgadosproduction.com.FeatureTests;
				PRODUCT_NAME = "$(TARGET_NAME)";
				SWIFT_VERSION = 5.0;
				TARGETED_DEVICE_FAMILY = "1,2";
			};
			name = Release;
		};
/* End XCBuildConfiguration section */

/* Begin XCConfigurationList section */
		B5E03A1322E86CAB00EC85A7 /* Build configuration list for PBXProject "Feature" */ = {
			isa = XCConfigurationList;
			buildConfigurations = (
				B5E03A2B22E86CAB00EC85A7 /* Debug */,
				B5E03A2C22E86CAB00EC85A7 /* Release */,
			);
			defaultConfigurationIsVisible = 0;
			defaultConfigurationName = Release;
		};
		B5E03A2D22E86CAB00EC85A7 /* Build configuration list for PBXNativeTarget "Feature" */ = {
			isa = XCConfigurationList;
			buildConfigurations = (
				B5E03A2E22E86CAB00EC85A7 /* Debug */,
				B5E03A2F22E86CAB00EC85A7 /* Release */,
			);
			defaultConfigurationIsVisible = 0;
			defaultConfigurationName = Release;
		};
		B5E03A3022E86CAB00EC85A7 /* Build configuration list for PBXNativeTarget "FeatureTests" */ = {
			isa = XCConfigurationList;
			buildConfigurations = (
				B5E03A3122E86CAB00EC85A7 /* Debug */,
				B5E03A3222E86CAB00EC85A7 /* Release */,
			);
			defaultConfigurationIsVisible = 0;
			defaultConfigurationName = Release;
		};
/* End XCConfigurationList section */
	};
	rootObject = B5E03A1022E86CAB00EC85A7 /* Project object */;
}
