// !$*UTF8*$!
{
	archiveVersion = 1;
	classes = {
	};
	objectVersion = 51;
	objects = {

/* Begin PBXBuildFile section */
		0CDA00D71A2151C424C4D5CE /* Pods_MinhaEmpresaTests.framework in Frameworks */ = {isa = PBXBuildFile; fileRef = 6B889B739F104E7AF734092E /* Pods_MinhaEmpresaTests.framework */; };
		8F4BD6136C66AAE956423497 /* Pods_MinhaEmpresa.framework in Frameworks */ = {isa = PBXBuildFile; fileRef = FD23392E967620DBC116232C /* Pods_MinhaEmpresa.framework */; };
		B3125529D05CBAA701155F74 /* Pods_MinhaEmpresaUITests.framework in Frameworks */ = {isa = PBXBuildFile; fileRef = F955B8EA3975CCA4446E20FD /* Pods_MinhaEmpresaUITests.framework */; };
		B5027255232FC473004725F1 /* NetworkKit.framework in Frameworks */ = {isa = PBXBuildFile; fileRef = B5027254232FC473004725F1 /* NetworkKit.framework */; };
		B5027256232FC473004725F1 /* NetworkKit.framework in Embed Frameworks */ = {isa = PBXBuildFile; fileRef = B5027254232FC473004725F1 /* NetworkKit.framework */; settings = {ATTRIBUTES = (CodeSignOnCopy, RemoveHeadersOnCopy, ); }; };
		B520D5C0232467CD00488C9C /* ResgisterNoteCoordinator.swift in Sources */ = {isa = PBXBuildFile; fileRef = B520D5BF232467CD00488C9C /* ResgisterNoteCoordinator.swift */; };
		B520D5D02324687900488C9C /* RegistrationButton.xib in Resources */ = {isa = PBXBuildFile; fileRef = B520D5C42324687800488C9C /* RegistrationButton.xib */; };
		B520D5D12324687900488C9C /* NoteListTableViewCell.xib in Resources */ = {isa = PBXBuildFile; fileRef = B520D5C52324687800488C9C /* NoteListTableViewCell.xib */; };
		B520D5D22324687900488C9C /* NoteListViewController.swift in Sources */ = {isa = PBXBuildFile; fileRef = B520D5C62324687800488C9C /* NoteListViewController.swift */; };
		B520D5D32324687900488C9C /* NewNoteViewController.swift in Sources */ = {isa = PBXBuildFile; fileRef = B520D5C72324687800488C9C /* NewNoteViewController.swift */; };
		B520D5D42324687900488C9C /* RegisterNote.storyboard in Resources */ = {isa = PBXBuildFile; fileRef = B520D5C82324687800488C9C /* RegisterNote.storyboard */; };
		B520D5D52324687900488C9C /* NoteListView.swift in Sources */ = {isa = PBXBuildFile; fileRef = B520D5C92324687800488C9C /* NoteListView.swift */; };
		B520D5D62324687900488C9C /* Receipts.swift in Sources */ = {isa = PBXBuildFile; fileRef = B520D5CA2324687900488C9C /* Receipts.swift */; };
		B520D5D82324687900488C9C /* NoteListViewModel.swift in Sources */ = {isa = PBXBuildFile; fileRef = B520D5CC2324687900488C9C /* NoteListViewModel.swift */; };
		B520D5D92324687900488C9C /* NoteListTableViewCell.swift in Sources */ = {isa = PBXBuildFile; fileRef = B520D5CD2324687900488C9C /* NoteListTableViewCell.swift */; };
		B520D5DA2324687900488C9C /* NoteListHeaderView.swift in Sources */ = {isa = PBXBuildFile; fileRef = B520D5CE2324687900488C9C /* NoteListHeaderView.swift */; };
		B520D5DB2324687900488C9C /* NewNoteViewModel.swift in Sources */ = {isa = PBXBuildFile; fileRef = B520D5CF2324687900488C9C /* NewNoteViewModel.swift */; };
		B520D5DF23246AA300488C9C /* FirebaseDatabase.swift in Sources */ = {isa = PBXBuildFile; fileRef = B520D5DE23246AA300488C9C /* FirebaseDatabase.swift */; };
		B520D5E223246C3D00488C9C /* Localizer.swift in Sources */ = {isa = PBXBuildFile; fileRef = B520D5E123246C3D00488C9C /* Localizer.swift */; };
		B520D5EC2325D22C00488C9C /* Notes.swift in Sources */ = {isa = PBXBuildFile; fileRef = B520D5EB2325D22C00488C9C /* Notes.swift */; };
		B520D62323269F0000488C9C /* StyleKit.framework in Frameworks */ = {isa = PBXBuildFile; fileRef = B520D5E323247CCE00488C9C /* StyleKit.framework */; };
		B520D62423269F0000488C9C /* StyleKit.framework in Embed Frameworks */ = {isa = PBXBuildFile; fileRef = B520D5E323247CCE00488C9C /* StyleKit.framework */; settings = {ATTRIBUTES = (CodeSignOnCopy, RemoveHeadersOnCopy, ); }; };
		B526B9EE22E395E30018D9DE /* AppCoordinator.swift in Sources */ = {isa = PBXBuildFile; fileRef = B526B9ED22E395E30018D9DE /* AppCoordinator.swift */; };
		B526B9F022E396B10018D9DE /* MainCoordinator.swift in Sources */ = {isa = PBXBuildFile; fileRef = B526B9EF22E396B10018D9DE /* MainCoordinator.swift */; };
		B526B9F322E399E80018D9DE /* HomeViewController.swift in Sources */ = {isa = PBXBuildFile; fileRef = B526B9F222E399E80018D9DE /* HomeViewController.swift */; };
		B526B9F522E39A5C0018D9DE /* HomeViewModel.swift in Sources */ = {isa = PBXBuildFile; fileRef = B526B9F422E39A5C0018D9DE /* HomeViewModel.swift */; };
		B526B9F722E39AD00018D9DE /* HomeCoordinator.swift in Sources */ = {isa = PBXBuildFile; fileRef = B526B9F622E39AD00018D9DE /* HomeCoordinator.swift */; };
		B526B9F922E39CD20018D9DE /* Home.storyboard in Resources */ = {isa = PBXBuildFile; fileRef = B526B9F822E39CD20018D9DE /* Home.storyboard */; };
		B5343F12232F07E0004C5A03 /* CoreDataHelper.swift in Sources */ = {isa = PBXBuildFile; fileRef = B5343F11232F07E0004C5A03 /* CoreDataHelper.swift */; };
		B5343F14232F0873004C5A03 /* CoreDataWorker.swift in Sources */ = {isa = PBXBuildFile; fileRef = B5343F13232F0872004C5A03 /* CoreDataWorker.swift */; };
		B564BE6D22D3BC9B0008D874 /* Encodable+Params.swift in Sources */ = {isa = PBXBuildFile; fileRef = B564BE6C22D3BC9B0008D874 /* Encodable+Params.swift */; };
		B564BE6F22D3BCC30008D874 /* String+Logger.swift in Sources */ = {isa = PBXBuildFile; fileRef = B564BE6E22D3BCC30008D874 /* String+Logger.swift */; };
		B564BE7322D3D9830008D874 /* UITextField+Formatter.swift in Sources */ = {isa = PBXBuildFile; fileRef = B564BE7222D3D9830008D874 /* UITextField+Formatter.swift */; };
		B583F0A92331408F00CBD009 /* NetworkWorker.swift in Sources */ = {isa = PBXBuildFile; fileRef = B583F0A82331408F00CBD009 /* NetworkWorker.swift */; };
		B583F0AB233142EB00CBD009 /* AuthenticationWorker.swift in Sources */ = {isa = PBXBuildFile; fileRef = B583F0AA233142EB00CBD009 /* AuthenticationWorker.swift */; };
		B599D0AF23121A46009479F9 /* GoogleService-Info.plist in Resources */ = {isa = PBXBuildFile; fileRef = B599D0AE23121A45009479F9 /* GoogleService-Info.plist */; };
		B5B2E95422D1303D00C5039A /* MainViewController.swift in Sources */ = {isa = PBXBuildFile; fileRef = B5B2E95322D1303D00C5039A /* MainViewController.swift */; };
		B5B2E95722D1303D00C5039A /* Main.storyboard in Resources */ = {isa = PBXBuildFile; fileRef = B5B2E95522D1303D00C5039A /* Main.storyboard */; };
		B5B2E95A22D1303D00C5039A /* MinhaEmpresa.xcdatamodeld in Sources */ = {isa = PBXBuildFile; fileRef = B5B2E95822D1303D00C5039A /* MinhaEmpresa.xcdatamodeld */; };
		B5B2E95C22D1303F00C5039A /* Assets.xcassets in Resources */ = {isa = PBXBuildFile; fileRef = B5B2E95B22D1303F00C5039A /* Assets.xcassets */; };
		B5B2E95F22D1303F00C5039A /* LaunchScreen.storyboard in Resources */ = {isa = PBXBuildFile; fileRef = B5B2E95D22D1303F00C5039A /* LaunchScreen.storyboard */; };
		B5B2E96A22D1303F00C5039A /* MinhaEmpresaTests.swift in Sources */ = {isa = PBXBuildFile; fileRef = B5B2E96922D1303F00C5039A /* MinhaEmpresaTests.swift */; };
		B5B2E97522D1303F00C5039A /* MinhaEmpresaUITests.swift in Sources */ = {isa = PBXBuildFile; fileRef = B5B2E97422D1303F00C5039A /* MinhaEmpresaUITests.swift */; };
		B5B2E99D22D3AF3F00C5039A /* AppDelegate.swift in Sources */ = {isa = PBXBuildFile; fileRef = B5B2E99A22D3AF3E00C5039A /* AppDelegate.swift */; };
		B5B2E99E22D3AF3F00C5039A /* Info.plist in Resources */ = {isa = PBXBuildFile; fileRef = B5B2E99B22D3AF3F00C5039A /* Info.plist */; };
		B5B2E9A122D3B60F00C5039A /* MainViewModel.swift in Sources */ = {isa = PBXBuildFile; fileRef = B5B2E9A022D3B60F00C5039A /* MainViewModel.swift */; };
		B5EA89EF22E3CEAB002B46C1 /* HexColor+String.swift in Sources */ = {isa = PBXBuildFile; fileRef = B5EA89EE22E3CEAB002B46C1 /* HexColor+String.swift */; };
		B5EA89F122E3D41D002B46C1 /* KeychainWorker.swift in Sources */ = {isa = PBXBuildFile; fileRef = B5EA89F022E3D41D002B46C1 /* KeychainWorker.swift */; };
		B5EA89F722E3DD16002B46C1 /* Localizable.strings in Resources */ = {isa = PBXBuildFile; fileRef = B5EA89F922E3DD16002B46C1 /* Localizable.strings */; };
		B5FDFBC0232FCA5400D02112 /* SceneDelegate.swift in Sources */ = {isa = PBXBuildFile; fileRef = B5FDFBBF232FCA5400D02112 /* SceneDelegate.swift */; };
/* End PBXBuildFile section */

/* Begin PBXContainerItemProxy section */
		B5B2E96622D1303F00C5039A /* PBXContainerItemProxy */ = {
			isa = PBXContainerItemProxy;
			containerPortal = B5B2E94422D1303D00C5039A /* Project object */;
			proxyType = 1;
			remoteGlobalIDString = B5B2E94B22D1303D00C5039A;
			remoteInfo = MinhaEmpresa;
		};
		B5B2E97122D1303F00C5039A /* PBXContainerItemProxy */ = {
			isa = PBXContainerItemProxy;
			containerPortal = B5B2E94422D1303D00C5039A /* Project object */;
			proxyType = 1;
			remoteGlobalIDString = B5B2E94B22D1303D00C5039A;
			remoteInfo = MinhaEmpresa;
		};
/* End PBXContainerItemProxy section */

/* Begin PBXCopyFilesBuildPhase section */
		B520D62523269F0100488C9C /* Embed Frameworks */ = {
			isa = PBXCopyFilesBuildPhase;
			buildActionMask = 2147483647;
			dstPath = "";
			dstSubfolderSpec = 10;
			files = (
				B5027256232FC473004725F1 /* NetworkKit.framework in Embed Frameworks */,
				B520D62423269F0000488C9C /* StyleKit.framework in Embed Frameworks */,
			);
			name = "Embed Frameworks";
			runOnlyForDeploymentPostprocessing = 0;
		};
/* End PBXCopyFilesBuildPhase section */

/* Begin PBXFileReference section */
		056941DD9922C806CC89BD9E /* Pods-MinhaEmpresaTests.debug.xcconfig */ = {isa = PBXFileReference; includeInIndex = 1; lastKnownFileType = text.xcconfig; name = "Pods-MinhaEmpresaTests.debug.xcconfig"; path = "Target Support Files/Pods-MinhaEmpresaTests/Pods-MinhaEmpresaTests.debug.xcconfig"; sourceTree = "<group>"; };
		332910A56171E62A100A2662 /* Pods-MinhaEmpresa.release.xcconfig */ = {isa = PBXFileReference; includeInIndex = 1; lastKnownFileType = text.xcconfig; name = "Pods-MinhaEmpresa.release.xcconfig"; path = "Target Support Files/Pods-MinhaEmpresa/Pods-MinhaEmpresa.release.xcconfig"; sourceTree = "<group>"; };
		6B889B739F104E7AF734092E /* Pods_MinhaEmpresaTests.framework */ = {isa = PBXFileReference; explicitFileType = wrapper.framework; includeInIndex = 0; path = Pods_MinhaEmpresaTests.framework; sourceTree = BUILT_PRODUCTS_DIR; };
		780443F57A0ADA07C4F56F03 /* Pods-MinhaEmpresaUITests.debug.xcconfig */ = {isa = PBXFileReference; includeInIndex = 1; lastKnownFileType = text.xcconfig; name = "Pods-MinhaEmpresaUITests.debug.xcconfig"; path = "Target Support Files/Pods-MinhaEmpresaUITests/Pods-MinhaEmpresaUITests.debug.xcconfig"; sourceTree = "<group>"; };
		A2C8B33D4F88408D9C787725 /* Pods-MinhaEmpresaTests.release.xcconfig */ = {isa = PBXFileReference; includeInIndex = 1; lastKnownFileType = text.xcconfig; name = "Pods-MinhaEmpresaTests.release.xcconfig"; path = "Target Support Files/Pods-MinhaEmpresaTests/Pods-MinhaEmpresaTests.release.xcconfig"; sourceTree = "<group>"; };
		B5027254232FC473004725F1 /* NetworkKit.framework */ = {isa = PBXFileReference; explicitFileType = wrapper.framework; path = NetworkKit.framework; sourceTree = BUILT_PRODUCTS_DIR; };
		B520D5BF232467CD00488C9C /* ResgisterNoteCoordinator.swift */ = {isa = PBXFileReference; lastKnownFileType = sourcecode.swift; path = ResgisterNoteCoordinator.swift; sourceTree = "<group>"; };
		B520D5C42324687800488C9C /* RegistrationButton.xib */ = {isa = PBXFileReference; fileEncoding = 4; lastKnownFileType = file.xib; path = RegistrationButton.xib; sourceTree = "<group>"; };
		B520D5C52324687800488C9C /* NoteListTableViewCell.xib */ = {isa = PBXFileReference; fileEncoding = 4; lastKnownFileType = file.xib; path = NoteListTableViewCell.xib; sourceTree = "<group>"; };
		B520D5C62324687800488C9C /* NoteListViewController.swift */ = {isa = PBXFileReference; fileEncoding = 4; lastKnownFileType = sourcecode.swift; path = NoteListViewController.swift; sourceTree = "<group>"; };
		B520D5C72324687800488C9C /* NewNoteViewController.swift */ = {isa = PBXFileReference; fileEncoding = 4; lastKnownFileType = sourcecode.swift; path = NewNoteViewController.swift; sourceTree = "<group>"; };
		B520D5C82324687800488C9C /* RegisterNote.storyboard */ = {isa = PBXFileReference; fileEncoding = 4; lastKnownFileType = file.storyboard; path = RegisterNote.storyboard; sourceTree = "<group>"; };
		B520D5C92324687800488C9C /* NoteListView.swift */ = {isa = PBXFileReference; fileEncoding = 4; lastKnownFileType = sourcecode.swift; path = NoteListView.swift; sourceTree = "<group>"; };
		B520D5CA2324687900488C9C /* Receipts.swift */ = {isa = PBXFileReference; fileEncoding = 4; lastKnownFileType = sourcecode.swift; path = Receipts.swift; sourceTree = "<group>"; };
		B520D5CC2324687900488C9C /* NoteListViewModel.swift */ = {isa = PBXFileReference; fileEncoding = 4; lastKnownFileType = sourcecode.swift; path = NoteListViewModel.swift; sourceTree = "<group>"; };
		B520D5CD2324687900488C9C /* NoteListTableViewCell.swift */ = {isa = PBXFileReference; fileEncoding = 4; lastKnownFileType = sourcecode.swift; path = NoteListTableViewCell.swift; sourceTree = "<group>"; };
		B520D5CE2324687900488C9C /* NoteListHeaderView.swift */ = {isa = PBXFileReference; fileEncoding = 4; lastKnownFileType = sourcecode.swift; path = NoteListHeaderView.swift; sourceTree = "<group>"; };
		B520D5CF2324687900488C9C /* NewNoteViewModel.swift */ = {isa = PBXFileReference; fileEncoding = 4; lastKnownFileType = sourcecode.swift; path = NewNoteViewModel.swift; sourceTree = "<group>"; };
		B520D5DE23246AA300488C9C /* FirebaseDatabase.swift */ = {isa = PBXFileReference; lastKnownFileType = sourcecode.swift; path = FirebaseDatabase.swift; sourceTree = "<group>"; };
		B520D5E123246C3D00488C9C /* Localizer.swift */ = {isa = PBXFileReference; lastKnownFileType = sourcecode.swift; path = Localizer.swift; sourceTree = "<group>"; };
		B520D5E323247CCE00488C9C /* StyleKit.framework */ = {isa = PBXFileReference; explicitFileType = wrapper.framework; path = StyleKit.framework; sourceTree = BUILT_PRODUCTS_DIR; };
		B520D5EB2325D22C00488C9C /* Notes.swift */ = {isa = PBXFileReference; lastKnownFileType = sourcecode.swift; path = Notes.swift; sourceTree = "<group>"; };
		B526B9ED22E395E30018D9DE /* AppCoordinator.swift */ = {isa = PBXFileReference; lastKnownFileType = sourcecode.swift; path = AppCoordinator.swift; sourceTree = "<group>"; };
		B526B9EF22E396B10018D9DE /* MainCoordinator.swift */ = {isa = PBXFileReference; lastKnownFileType = sourcecode.swift; path = MainCoordinator.swift; sourceTree = "<group>"; };
		B526B9F222E399E80018D9DE /* HomeViewController.swift */ = {isa = PBXFileReference; lastKnownFileType = sourcecode.swift; path = HomeViewController.swift; sourceTree = "<group>"; };
		B526B9F422E39A5C0018D9DE /* HomeViewModel.swift */ = {isa = PBXFileReference; lastKnownFileType = sourcecode.swift; path = HomeViewModel.swift; sourceTree = "<group>"; };
		B526B9F622E39AD00018D9DE /* HomeCoordinator.swift */ = {isa = PBXFileReference; lastKnownFileType = sourcecode.swift; path = HomeCoordinator.swift; sourceTree = "<group>"; };
		B526B9F822E39CD20018D9DE /* Home.storyboard */ = {isa = PBXFileReference; lastKnownFileType = file.storyboard; path = Home.storyboard; sourceTree = "<group>"; };
		B5343F11232F07E0004C5A03 /* CoreDataHelper.swift */ = {isa = PBXFileReference; lastKnownFileType = sourcecode.swift; path = CoreDataHelper.swift; sourceTree = "<group>"; };
		B5343F13232F0872004C5A03 /* CoreDataWorker.swift */ = {isa = PBXFileReference; lastKnownFileType = sourcecode.swift; path = CoreDataWorker.swift; sourceTree = "<group>"; };
		B564BE6C22D3BC9B0008D874 /* Encodable+Params.swift */ = {isa = PBXFileReference; lastKnownFileType = sourcecode.swift; path = "Encodable+Params.swift"; sourceTree = "<group>"; };
		B564BE6E22D3BCC30008D874 /* String+Logger.swift */ = {isa = PBXFileReference; lastKnownFileType = sourcecode.swift; path = "String+Logger.swift"; sourceTree = "<group>"; };
		B564BE7222D3D9830008D874 /* UITextField+Formatter.swift */ = {isa = PBXFileReference; lastKnownFileType = sourcecode.swift; path = "UITextField+Formatter.swift"; sourceTree = "<group>"; };
		B583F0A82331408F00CBD009 /* NetworkWorker.swift */ = {isa = PBXFileReference; lastKnownFileType = sourcecode.swift; path = NetworkWorker.swift; sourceTree = "<group>"; };
		B583F0AA233142EB00CBD009 /* AuthenticationWorker.swift */ = {isa = PBXFileReference; lastKnownFileType = sourcecode.swift; path = AuthenticationWorker.swift; sourceTree = "<group>"; };
		B599D0AE23121A45009479F9 /* GoogleService-Info.plist */ = {isa = PBXFileReference; fileEncoding = 4; lastKnownFileType = text.plist.xml; path = "GoogleService-Info.plist"; sourceTree = "<group>"; };
		B5B2E94C22D1303D00C5039A /* MinhaEmpresa.dev.app */ = {isa = PBXFileReference; explicitFileType = wrapper.application; includeInIndex = 0; path = MinhaEmpresa.dev.app; sourceTree = BUILT_PRODUCTS_DIR; };
		B5B2E95322D1303D00C5039A /* MainViewController.swift */ = {isa = PBXFileReference; lastKnownFileType = sourcecode.swift; path = MainViewController.swift; sourceTree = "<group>"; };
		B5B2E95622D1303D00C5039A /* Base */ = {isa = PBXFileReference; lastKnownFileType = file.storyboard; name = Base; path = Base.lproj/Main.storyboard; sourceTree = "<group>"; };
		B5B2E95922D1303D00C5039A /* MinhaEmpresa.xcdatamodel */ = {isa = PBXFileReference; lastKnownFileType = wrapper.xcdatamodel; path = MinhaEmpresa.xcdatamodel; sourceTree = "<group>"; };
		B5B2E95B22D1303F00C5039A /* Assets.xcassets */ = {isa = PBXFileReference; lastKnownFileType = folder.assetcatalog; path = Assets.xcassets; sourceTree = "<group>"; };
		B5B2E95E22D1303F00C5039A /* Base */ = {isa = PBXFileReference; lastKnownFileType = file.storyboard; name = Base; path = Base.lproj/LaunchScreen.storyboard; sourceTree = "<group>"; };
		B5B2E96522D1303F00C5039A /* MinhaEmpresaTests.xctest */ = {isa = PBXFileReference; explicitFileType = wrapper.cfbundle; includeInIndex = 0; path = MinhaEmpresaTests.xctest; sourceTree = BUILT_PRODUCTS_DIR; };
		B5B2E96922D1303F00C5039A /* MinhaEmpresaTests.swift */ = {isa = PBXFileReference; lastKnownFileType = sourcecode.swift; path = MinhaEmpresaTests.swift; sourceTree = "<group>"; };
		B5B2E96B22D1303F00C5039A /* Info.plist */ = {isa = PBXFileReference; lastKnownFileType = text.plist.xml; path = Info.plist; sourceTree = "<group>"; };
		B5B2E97022D1303F00C5039A /* MinhaEmpresaUITests.xctest */ = {isa = PBXFileReference; explicitFileType = wrapper.cfbundle; includeInIndex = 0; path = MinhaEmpresaUITests.xctest; sourceTree = BUILT_PRODUCTS_DIR; };
		B5B2E97422D1303F00C5039A /* MinhaEmpresaUITests.swift */ = {isa = PBXFileReference; lastKnownFileType = sourcecode.swift; path = MinhaEmpresaUITests.swift; sourceTree = "<group>"; };
		B5B2E97622D1303F00C5039A /* Info.plist */ = {isa = PBXFileReference; lastKnownFileType = text.plist.xml; path = Info.plist; sourceTree = "<group>"; };
		B5B2E99A22D3AF3E00C5039A /* AppDelegate.swift */ = {isa = PBXFileReference; fileEncoding = 4; lastKnownFileType = sourcecode.swift; path = AppDelegate.swift; sourceTree = "<group>"; };
		B5B2E99B22D3AF3F00C5039A /* Info.plist */ = {isa = PBXFileReference; fileEncoding = 4; lastKnownFileType = text.plist.xml; path = Info.plist; sourceTree = "<group>"; };
		B5B2E9A022D3B60F00C5039A /* MainViewModel.swift */ = {isa = PBXFileReference; lastKnownFileType = sourcecode.swift; path = MainViewModel.swift; sourceTree = "<group>"; };
		B5EA89EE22E3CEAB002B46C1 /* HexColor+String.swift */ = {isa = PBXFileReference; lastKnownFileType = sourcecode.swift; path = "HexColor+String.swift"; sourceTree = "<group>"; };
		B5EA89F022E3D41D002B46C1 /* KeychainWorker.swift */ = {isa = PBXFileReference; lastKnownFileType = sourcecode.swift; path = KeychainWorker.swift; sourceTree = "<group>"; };
		B5EA89F522E3DD0C002B46C1 /* pt-BR */ = {isa = PBXFileReference; lastKnownFileType = text.plist.strings; name = "pt-BR"; path = "pt-BR.lproj/LaunchScreen.strings"; sourceTree = "<group>"; };
		B5EA89F622E3DD0C002B46C1 /* pt-BR */ = {isa = PBXFileReference; lastKnownFileType = text.plist.strings; name = "pt-BR"; path = "pt-BR.lproj/Main.strings"; sourceTree = "<group>"; };
		B5EA89F822E3DD16002B46C1 /* en */ = {isa = PBXFileReference; lastKnownFileType = text.plist.strings; name = en; path = en.lproj/Localizable.strings; sourceTree = "<group>"; };
		B5EA89FA22E3DD1A002B46C1 /* pt-BR */ = {isa = PBXFileReference; lastKnownFileType = text.plist.strings; name = "pt-BR"; path = "pt-BR.lproj/Localizable.strings"; sourceTree = "<group>"; };
		B5FDFBBF232FCA5400D02112 /* SceneDelegate.swift */ = {isa = PBXFileReference; lastKnownFileType = sourcecode.swift; path = SceneDelegate.swift; sourceTree = "<group>"; };
		C4AB0F3388E7A2B3C615905E /* Pods-MinhaEmpresaUITests.release.xcconfig */ = {isa = PBXFileReference; includeInIndex = 1; lastKnownFileType = text.xcconfig; name = "Pods-MinhaEmpresaUITests.release.xcconfig"; path = "Target Support Files/Pods-MinhaEmpresaUITests/Pods-MinhaEmpresaUITests.release.xcconfig"; sourceTree = "<group>"; };
		D72D974665747E3D2E2FB542 /* Pods-MinhaEmpresa.debug.xcconfig */ = {isa = PBXFileReference; includeInIndex = 1; lastKnownFileType = text.xcconfig; name = "Pods-MinhaEmpresa.debug.xcconfig"; path = "Target Support Files/Pods-MinhaEmpresa/Pods-MinhaEmpresa.debug.xcconfig"; sourceTree = "<group>"; };
		F955B8EA3975CCA4446E20FD /* Pods_MinhaEmpresaUITests.framework */ = {isa = PBXFileReference; explicitFileType = wrapper.framework; includeInIndex = 0; path = Pods_MinhaEmpresaUITests.framework; sourceTree = BUILT_PRODUCTS_DIR; };
		FD23392E967620DBC116232C /* Pods_MinhaEmpresa.framework */ = {isa = PBXFileReference; explicitFileType = wrapper.framework; includeInIndex = 0; path = Pods_MinhaEmpresa.framework; sourceTree = BUILT_PRODUCTS_DIR; };
/* End PBXFileReference section */

/* Begin PBXFrameworksBuildPhase section */
		B5B2E94922D1303D00C5039A /* Frameworks */ = {
			isa = PBXFrameworksBuildPhase;
			buildActionMask = 2147483647;
			files = (
				8F4BD6136C66AAE956423497 /* Pods_MinhaEmpresa.framework in Frameworks */,
				B520D62323269F0000488C9C /* StyleKit.framework in Frameworks */,
				B5027255232FC473004725F1 /* NetworkKit.framework in Frameworks */,
			);
			runOnlyForDeploymentPostprocessing = 0;
		};
		B5B2E96222D1303F00C5039A /* Frameworks */ = {
			isa = PBXFrameworksBuildPhase;
			buildActionMask = 2147483647;
			files = (
				0CDA00D71A2151C424C4D5CE /* Pods_MinhaEmpresaTests.framework in Frameworks */,
			);
			runOnlyForDeploymentPostprocessing = 0;
		};
		B5B2E96D22D1303F00C5039A /* Frameworks */ = {
			isa = PBXFrameworksBuildPhase;
			buildActionMask = 2147483647;
			files = (
				B3125529D05CBAA701155F74 /* Pods_MinhaEmpresaUITests.framework in Frameworks */,
			);
			runOnlyForDeploymentPostprocessing = 0;
		};
/* End PBXFrameworksBuildPhase section */

/* Begin PBXGroup section */
		122B6E5DB810F7153460D804 /* Pods */ = {
			isa = PBXGroup;
			children = (
				D72D974665747E3D2E2FB542 /* Pods-MinhaEmpresa.debug.xcconfig */,
				332910A56171E62A100A2662 /* Pods-MinhaEmpresa.release.xcconfig */,
				056941DD9922C806CC89BD9E /* Pods-MinhaEmpresaTests.debug.xcconfig */,
				A2C8B33D4F88408D9C787725 /* Pods-MinhaEmpresaTests.release.xcconfig */,
				780443F57A0ADA07C4F56F03 /* Pods-MinhaEmpresaUITests.debug.xcconfig */,
				C4AB0F3388E7A2B3C615905E /* Pods-MinhaEmpresaUITests.release.xcconfig */,
			);
			path = Pods;
			sourceTree = "<group>";
		};
		970B3FF7D8D510306FEF7F24 /* Frameworks */ = {
			isa = PBXGroup;
			children = (
				B5027254232FC473004725F1 /* NetworkKit.framework */,
				B520D5E323247CCE00488C9C /* StyleKit.framework */,
				FD23392E967620DBC116232C /* Pods_MinhaEmpresa.framework */,
				6B889B739F104E7AF734092E /* Pods_MinhaEmpresaTests.framework */,
				F955B8EA3975CCA4446E20FD /* Pods_MinhaEmpresaUITests.framework */,
			);
			name = Frameworks;
			sourceTree = "<group>";
		};
		B520D5BE232467A200488C9C /* RegisterNote */ = {
			isa = PBXGroup;
			children = (
				B520D5EB2325D22C00488C9C /* Notes.swift */,
				B520D5BF232467CD00488C9C /* ResgisterNoteCoordinator.swift */,
				B520D5CA2324687900488C9C /* Receipts.swift */,
				B520D5E72325D09E00488C9C /* NewNote */,
				B520D5E92325D0B600488C9C /* NoteList */,
				B520D5EA2325D0DC00488C9C /* View */,
			);
			path = RegisterNote;
			sourceTree = "<group>";
		};
		B520D5E023246C2E00488C9C /* Helpers */ = {
			isa = PBXGroup;
			children = (
				B520D5E123246C3D00488C9C /* Localizer.swift */,
				B5343F11232F07E0004C5A03 /* CoreDataHelper.swift */,
			);
			path = Helpers;
			sourceTree = "<group>";
		};
		B520D5E72325D09E00488C9C /* NewNote */ = {
			isa = PBXGroup;
			children = (
				B520D5C72324687800488C9C /* NewNoteViewController.swift */,
				B520D5CF2324687900488C9C /* NewNoteViewModel.swift */,
			);
			name = NewNote;
			sourceTree = "<group>";
		};
		B520D5E92325D0B600488C9C /* NoteList */ = {
			isa = PBXGroup;
			children = (
				B520D5CE2324687900488C9C /* NoteListHeaderView.swift */,
				B520D5CD2324687900488C9C /* NoteListTableViewCell.swift */,
				B520D5C92324687800488C9C /* NoteListView.swift */,
				B520D5C62324687800488C9C /* NoteListViewController.swift */,
				B520D5CC2324687900488C9C /* NoteListViewModel.swift */,
			);
			name = NoteList;
			sourceTree = "<group>";
		};
		B520D5EA2325D0DC00488C9C /* View */ = {
			isa = PBXGroup;
			children = (
				B520D5C82324687800488C9C /* RegisterNote.storyboard */,
				B520D5C52324687800488C9C /* NoteListTableViewCell.xib */,
				B520D5C42324687800488C9C /* RegistrationButton.xib */,
			);
			name = View;
			sourceTree = "<group>";
		};
		B526B9EB22E395C20018D9DE /* Storyboards */ = {
			isa = PBXGroup;
			children = (
				B5B2E95D22D1303F00C5039A /* LaunchScreen.storyboard */,
			);
			path = Storyboards;
			sourceTree = "<group>";
		};
		B526B9EC22E395D40018D9DE /* App */ = {
			isa = PBXGroup;
			children = (
				B5B2E99A22D3AF3E00C5039A /* AppDelegate.swift */,
				B526B9ED22E395E30018D9DE /* AppCoordinator.swift */,
				B5FDFBBF232FCA5400D02112 /* SceneDelegate.swift */,
			);
			path = App;
			sourceTree = "<group>";
		};
		B526B9F122E399420018D9DE /* Home */ = {
			isa = PBXGroup;
			children = (
				B526B9F822E39CD20018D9DE /* Home.storyboard */,
				B526B9F222E399E80018D9DE /* HomeViewController.swift */,
				B526B9F422E39A5C0018D9DE /* HomeViewModel.swift */,
				B526B9F622E39AD00018D9DE /* HomeCoordinator.swift */,
			);
			path = Home;
			sourceTree = "<group>";
		};
		B564BE6B22D3BC700008D874 /* Extensions  */ = {
			isa = PBXGroup;
			children = (
				B564BE6C22D3BC9B0008D874 /* Encodable+Params.swift */,
				B564BE6E22D3BCC30008D874 /* String+Logger.swift */,
				B564BE7222D3D9830008D874 /* UITextField+Formatter.swift */,
				B5EA89EE22E3CEAB002B46C1 /* HexColor+String.swift */,
			);
			path = "Extensions ";
			sourceTree = "<group>";
		};
		B5B2E94322D1303D00C5039A = {
			isa = PBXGroup;
			children = (
				B5B2E94E22D1303D00C5039A /* MinhaEmpresa */,
				B5B2E96822D1303F00C5039A /* MinhaEmpresaTests */,
				B5B2E97322D1303F00C5039A /* MinhaEmpresaUITests */,
				B5B2E94D22D1303D00C5039A /* Products */,
				122B6E5DB810F7153460D804 /* Pods */,
				970B3FF7D8D510306FEF7F24 /* Frameworks */,
			);
			sourceTree = "<group>";
		};
		B5B2E94D22D1303D00C5039A /* Products */ = {
			isa = PBXGroup;
			children = (
				B5B2E94C22D1303D00C5039A /* MinhaEmpresa.dev.app */,
				B5B2E96522D1303F00C5039A /* MinhaEmpresaTests.xctest */,
				B5B2E97022D1303F00C5039A /* MinhaEmpresaUITests.xctest */,
			);
			name = Products;
			sourceTree = "<group>";
		};
		B5B2E94E22D1303D00C5039A /* MinhaEmpresa */ = {
			isa = PBXGroup;
			children = (
				B5B2E99B22D3AF3F00C5039A /* Info.plist */,
				B599D0AE23121A45009479F9 /* GoogleService-Info.plist */,
				B5B2E98322D132E100C5039A /* Resource */,
				B5B2E98222D1322600C5039A /* Source */,
			);
			path = MinhaEmpresa;
			sourceTree = "<group>";
		};
		B5B2E96822D1303F00C5039A /* MinhaEmpresaTests */ = {
			isa = PBXGroup;
			children = (
				B5B2E96922D1303F00C5039A /* MinhaEmpresaTests.swift */,
				B5B2E96B22D1303F00C5039A /* Info.plist */,
			);
			path = MinhaEmpresaTests;
			sourceTree = "<group>";
		};
		B5B2E97322D1303F00C5039A /* MinhaEmpresaUITests */ = {
			isa = PBXGroup;
			children = (
				B5B2E97422D1303F00C5039A /* MinhaEmpresaUITests.swift */,
				B5B2E97622D1303F00C5039A /* Info.plist */,
			);
			path = MinhaEmpresaUITests;
			sourceTree = "<group>";
		};
		B5B2E98222D1322600C5039A /* Source */ = {
			isa = PBXGroup;
			children = (
				B520D5E023246C2E00488C9C /* Helpers */,
				B526B9EC22E395D40018D9DE /* App */,
				B564BE6B22D3BC700008D874 /* Extensions  */,
				B5B2E99422D13BAA00C5039A /* Models */,
				B5B2E98722D1336C00C5039A /* Worker */,
				B5B2E98622D1331E00C5039A /* Scenes */,
			);
			path = Source;
			sourceTree = "<group>";
		};
		B5B2E98322D132E100C5039A /* Resource */ = {
			isa = PBXGroup;
			children = (
				B526B9EB22E395C20018D9DE /* Storyboards */,
				B5B2E95B22D1303F00C5039A /* Assets.xcassets */,
				B5B2E95822D1303D00C5039A /* MinhaEmpresa.xcdatamodeld */,
				B5EA89F922E3DD16002B46C1 /* Localizable.strings */,
			);
			path = Resource;
			sourceTree = "<group>";
		};
		B5B2E98622D1331E00C5039A /* Scenes */ = {
			isa = PBXGroup;
			children = (
				B526B9F122E399420018D9DE /* Home */,
				B5B2E9A222D3B66800C5039A /* Main */,
				B520D5BE232467A200488C9C /* RegisterNote */,
			);
			path = Scenes;
			sourceTree = "<group>";
		};
		B5B2E98722D1336C00C5039A /* Worker */ = {
			isa = PBXGroup;
			children = (
				B5EA89F022E3D41D002B46C1 /* KeychainWorker.swift */,
				B520D5DE23246AA300488C9C /* FirebaseDatabase.swift */,
				B5343F13232F0872004C5A03 /* CoreDataWorker.swift */,
				B583F0A82331408F00CBD009 /* NetworkWorker.swift */,
				B583F0AA233142EB00CBD009 /* AuthenticationWorker.swift */,
			);
			path = Worker;
			sourceTree = "<group>";
		};
		B5B2E99422D13BAA00C5039A /* Models */ = {
			isa = PBXGroup;
			children = (
			);
			path = Models;
			sourceTree = "<group>";
		};
		B5B2E9A222D3B66800C5039A /* Main */ = {
			isa = PBXGroup;
			children = (
				B5B2E95522D1303D00C5039A /* Main.storyboard */,
				B5B2E95322D1303D00C5039A /* MainViewController.swift */,
				B5B2E9A022D3B60F00C5039A /* MainViewModel.swift */,
				B526B9EF22E396B10018D9DE /* MainCoordinator.swift */,
			);
			path = Main;
			sourceTree = "<group>";
		};
/* End PBXGroup section */

/* Begin PBXNativeTarget section */
		B5B2E94B22D1303D00C5039A /* MinhaEmpresa */ = {
			isa = PBXNativeTarget;
			buildConfigurationList = B5B2E97922D1303F00C5039A /* Build configuration list for PBXNativeTarget "MinhaEmpresa" */;
			buildPhases = (
				98FA38D5136DE844E92E6A26 /* [CP] Check Pods Manifest.lock */,
				B5B2E94822D1303D00C5039A /* Sources */,
				B5B2E94922D1303D00C5039A /* Frameworks */,
				B5B2E94A22D1303D00C5039A /* Resources */,
				1D336E2BE945BA38835E9B97 /* [CP] Embed Pods Frameworks */,
				B520D62523269F0100488C9C /* Embed Frameworks */,
			);
			buildRules = (
			);
			dependencies = (
			);
			name = MinhaEmpresa;
			productName = MinhaEmpresa;
			productReference = B5B2E94C22D1303D00C5039A /* MinhaEmpresa.dev.app */;
			productType = "com.apple.product-type.application";
		};
		B5B2E96422D1303F00C5039A /* MinhaEmpresaTests */ = {
			isa = PBXNativeTarget;
			buildConfigurationList = B5B2E97C22D1303F00C5039A /* Build configuration list for PBXNativeTarget "MinhaEmpresaTests" */;
			buildPhases = (
				8F1589686B8C5938B919918A /* [CP] Check Pods Manifest.lock */,
				B5B2E96122D1303F00C5039A /* Sources */,
				B5B2E96222D1303F00C5039A /* Frameworks */,
				B5B2E96322D1303F00C5039A /* Resources */,
			);
			buildRules = (
			);
			dependencies = (
				B5B2E96722D1303F00C5039A /* PBXTargetDependency */,
			);
			name = MinhaEmpresaTests;
			productName = MinhaEmpresaTests;
			productReference = B5B2E96522D1303F00C5039A /* MinhaEmpresaTests.xctest */;
			productType = "com.apple.product-type.bundle.unit-test";
		};
		B5B2E96F22D1303F00C5039A /* MinhaEmpresaUITests */ = {
			isa = PBXNativeTarget;
			buildConfigurationList = B5B2E97F22D1303F00C5039A /* Build configuration list for PBXNativeTarget "MinhaEmpresaUITests" */;
			buildPhases = (
				4536BF61BB9E5B23EBE1856B /* [CP] Check Pods Manifest.lock */,
				B5B2E96C22D1303F00C5039A /* Sources */,
				B5B2E96D22D1303F00C5039A /* Frameworks */,
				B5B2E96E22D1303F00C5039A /* Resources */,
			);
			buildRules = (
			);
			dependencies = (
				B5B2E97222D1303F00C5039A /* PBXTargetDependency */,
			);
			name = MinhaEmpresaUITests;
			productName = MinhaEmpresaUITests;
			productReference = B5B2E97022D1303F00C5039A /* MinhaEmpresaUITests.xctest */;
			productType = "com.apple.product-type.bundle.ui-testing";
		};
/* End PBXNativeTarget section */

/* Begin PBXProject section */
		B5B2E94422D1303D00C5039A /* Project object */ = {
			isa = PBXProject;
			attributes = {
				LastSwiftUpdateCheck = 1100;
				LastUpgradeCheck = 1100;
				ORGANIZATIONNAME = "Salgado's Production";
				TargetAttributes = {
					B5B2E94B22D1303D00C5039A = {
						CreatedOnToolsVersion = 11.0;
					};
					B5B2E96422D1303F00C5039A = {
						CreatedOnToolsVersion = 11.0;
						TestTargetID = B5B2E94B22D1303D00C5039A;
					};
					B5B2E96F22D1303F00C5039A = {
						CreatedOnToolsVersion = 11.0;
						TestTargetID = B5B2E94B22D1303D00C5039A;
					};
				};
			};
			buildConfigurationList = B5B2E94722D1303D00C5039A /* Build configuration list for PBXProject "MinhaEmpresa" */;
			compatibilityVersion = "Xcode 9.3";
			developmentRegion = en;
			hasScannedForEncodings = 0;
			knownRegions = (
				en,
				Base,
				"pt-BR",
			);
			mainGroup = B5B2E94322D1303D00C5039A;
			productRefGroup = B5B2E94D22D1303D00C5039A /* Products */;
			projectDirPath = "";
			projectRoot = "";
			targets = (
				B5B2E94B22D1303D00C5039A /* MinhaEmpresa */,
				B5B2E96422D1303F00C5039A /* MinhaEmpresaTests */,
				B5B2E96F22D1303F00C5039A /* MinhaEmpresaUITests */,
			);
		};
/* End PBXProject section */

/* Begin PBXResourcesBuildPhase section */
		B5B2E94A22D1303D00C5039A /* Resources */ = {
			isa = PBXResourcesBuildPhase;
			buildActionMask = 2147483647;
			files = (
				B5B2E99E22D3AF3F00C5039A /* Info.plist in Resources */,
				B5EA89F722E3DD16002B46C1 /* Localizable.strings in Resources */,
				B526B9F922E39CD20018D9DE /* Home.storyboard in Resources */,
				B5B2E95F22D1303F00C5039A /* LaunchScreen.storyboard in Resources */,
				B5B2E95C22D1303F00C5039A /* Assets.xcassets in Resources */,
				B520D5D42324687900488C9C /* RegisterNote.storyboard in Resources */,
				B520D5D12324687900488C9C /* NoteListTableViewCell.xib in Resources */,
				B5B2E95722D1303D00C5039A /* Main.storyboard in Resources */,
				B520D5D02324687900488C9C /* RegistrationButton.xib in Resources */,
				B599D0AF23121A46009479F9 /* GoogleService-Info.plist in Resources */,
			);
			runOnlyForDeploymentPostprocessing = 0;
		};
		B5B2E96322D1303F00C5039A /* Resources */ = {
			isa = PBXResourcesBuildPhase;
			buildActionMask = 2147483647;
			files = (
			);
			runOnlyForDeploymentPostprocessing = 0;
		};
		B5B2E96E22D1303F00C5039A /* Resources */ = {
			isa = PBXResourcesBuildPhase;
			buildActionMask = 2147483647;
			files = (
			);
			runOnlyForDeploymentPostprocessing = 0;
		};
/* End PBXResourcesBuildPhase section */

/* Begin PBXShellScriptBuildPhase section */
		1D336E2BE945BA38835E9B97 /* [CP] Embed Pods Frameworks */ = {
			isa = PBXShellScriptBuildPhase;
			buildActionMask = 2147483647;
			files = (
			);
			inputFileListPaths = (
				"${PODS_ROOT}/Target Support Files/Pods-MinhaEmpresa/Pods-MinhaEmpresa-frameworks-${CONFIGURATION}-input-files.xcfilelist",
			);
			name = "[CP] Embed Pods Frameworks";
			outputFileListPaths = (
				"${PODS_ROOT}/Target Support Files/Pods-MinhaEmpresa/Pods-MinhaEmpresa-frameworks-${CONFIGURATION}-output-files.xcfilelist",
			);
			runOnlyForDeploymentPostprocessing = 0;
			shellPath = /bin/sh;
			shellScript = "\"${PODS_ROOT}/Target Support Files/Pods-MinhaEmpresa/Pods-MinhaEmpresa-frameworks.sh\"\n";
			showEnvVarsInLog = 0;
		};
		4536BF61BB9E5B23EBE1856B /* [CP] Check Pods Manifest.lock */ = {
			isa = PBXShellScriptBuildPhase;
			buildActionMask = 2147483647;
			files = (
			);
			inputFileListPaths = (
			);
			inputPaths = (
				"${PODS_PODFILE_DIR_PATH}/Podfile.lock",
				"${PODS_ROOT}/Manifest.lock",
			);
			name = "[CP] Check Pods Manifest.lock";
			outputFileListPaths = (
			);
			outputPaths = (
				"$(DERIVED_FILE_DIR)/Pods-MinhaEmpresaUITests-checkManifestLockResult.txt",
			);
			runOnlyForDeploymentPostprocessing = 0;
			shellPath = /bin/sh;
			shellScript = "diff \"${PODS_PODFILE_DIR_PATH}/Podfile.lock\" \"${PODS_ROOT}/Manifest.lock\" > /dev/null\nif [ $? != 0 ] ; then\n    # print error to STDERR\n    echo \"error: The sandbox is not in sync with the Podfile.lock. Run 'pod install' or update your CocoaPods installation.\" >&2\n    exit 1\nfi\n# This output is used by Xcode 'outputs' to avoid re-running this script phase.\necho \"SUCCESS\" > \"${SCRIPT_OUTPUT_FILE_0}\"\n";
			showEnvVarsInLog = 0;
		};
		8F1589686B8C5938B919918A /* [CP] Check Pods Manifest.lock */ = {
			isa = PBXShellScriptBuildPhase;
			buildActionMask = 2147483647;
			files = (
			);
			inputFileListPaths = (
			);
			inputPaths = (
				"${PODS_PODFILE_DIR_PATH}/Podfile.lock",
				"${PODS_ROOT}/Manifest.lock",
			);
			name = "[CP] Check Pods Manifest.lock";
			outputFileListPaths = (
			);
			outputPaths = (
				"$(DERIVED_FILE_DIR)/Pods-MinhaEmpresaTests-checkManifestLockResult.txt",
			);
			runOnlyForDeploymentPostprocessing = 0;
			shellPath = /bin/sh;
			shellScript = "diff \"${PODS_PODFILE_DIR_PATH}/Podfile.lock\" \"${PODS_ROOT}/Manifest.lock\" > /dev/null\nif [ $? != 0 ] ; then\n    # print error to STDERR\n    echo \"error: The sandbox is not in sync with the Podfile.lock. Run 'pod install' or update your CocoaPods installation.\" >&2\n    exit 1\nfi\n# This output is used by Xcode 'outputs' to avoid re-running this script phase.\necho \"SUCCESS\" > \"${SCRIPT_OUTPUT_FILE_0}\"\n";
			showEnvVarsInLog = 0;
		};
		98FA38D5136DE844E92E6A26 /* [CP] Check Pods Manifest.lock */ = {
			isa = PBXShellScriptBuildPhase;
			buildActionMask = 2147483647;
			files = (
			);
			inputFileListPaths = (
			);
			inputPaths = (
				"${PODS_PODFILE_DIR_PATH}/Podfile.lock",
				"${PODS_ROOT}/Manifest.lock",
			);
			name = "[CP] Check Pods Manifest.lock";
			outputFileListPaths = (
			);
			outputPaths = (
				"$(DERIVED_FILE_DIR)/Pods-MinhaEmpresa-checkManifestLockResult.txt",
			);
			runOnlyForDeploymentPostprocessing = 0;
			shellPath = /bin/sh;
			shellScript = "diff \"${PODS_PODFILE_DIR_PATH}/Podfile.lock\" \"${PODS_ROOT}/Manifest.lock\" > /dev/null\nif [ $? != 0 ] ; then\n    # print error to STDERR\n    echo \"error: The sandbox is not in sync with the Podfile.lock. Run 'pod install' or update your CocoaPods installation.\" >&2\n    exit 1\nfi\n# This output is used by Xcode 'outputs' to avoid re-running this script phase.\necho \"SUCCESS\" > \"${SCRIPT_OUTPUT_FILE_0}\"\n";
			showEnvVarsInLog = 0;
		};
/* End PBXShellScriptBuildPhase section */

/* Begin PBXSourcesBuildPhase section */
		B5B2E94822D1303D00C5039A /* Sources */ = {
			isa = PBXSourcesBuildPhase;
			buildActionMask = 2147483647;
			files = (
				B526B9EE22E395E30018D9DE /* AppCoordinator.swift in Sources */,
				B520D5EC2325D22C00488C9C /* Notes.swift in Sources */,
				B5B2E99D22D3AF3F00C5039A /* AppDelegate.swift in Sources */,
				B5B2E95422D1303D00C5039A /* MainViewController.swift in Sources */,
				B520D5D92324687900488C9C /* NoteListTableViewCell.swift in Sources */,
				B564BE7322D3D9830008D874 /* UITextField+Formatter.swift in Sources */,
				B5343F12232F07E0004C5A03 /* CoreDataHelper.swift in Sources */,
				B520D5DF23246AA300488C9C /* FirebaseDatabase.swift in Sources */,
				B583F0A92331408F00CBD009 /* NetworkWorker.swift in Sources */,
				B520D5DA2324687900488C9C /* NoteListHeaderView.swift in Sources */,
				B520D5D22324687900488C9C /* NoteListViewController.swift in Sources */,
				B564BE6F22D3BCC30008D874 /* String+Logger.swift in Sources */,
				B5EA89F122E3D41D002B46C1 /* KeychainWorker.swift in Sources */,
				B5FDFBC0232FCA5400D02112 /* SceneDelegate.swift in Sources */,
				B5EA89EF22E3CEAB002B46C1 /* HexColor+String.swift in Sources */,
				B526B9F322E399E80018D9DE /* HomeViewController.swift in Sources */,
				B520D5C0232467CD00488C9C /* ResgisterNoteCoordinator.swift in Sources */,
				B564BE6D22D3BC9B0008D874 /* Encodable+Params.swift in Sources */,
				B5B2E95A22D1303D00C5039A /* MinhaEmpresa.xcdatamodeld in Sources */,
				B583F0AB233142EB00CBD009 /* AuthenticationWorker.swift in Sources */,
				B520D5DB2324687900488C9C /* NewNoteViewModel.swift in Sources */,
				B526B9F022E396B10018D9DE /* MainCoordinator.swift in Sources */,
				B520D5E223246C3D00488C9C /* Localizer.swift in Sources */,
				B520D5D52324687900488C9C /* NoteListView.swift in Sources */,
				B526B9F722E39AD00018D9DE /* HomeCoordinator.swift in Sources */,
				B520D5D62324687900488C9C /* Receipts.swift in Sources */,
				B526B9F522E39A5C0018D9DE /* HomeViewModel.swift in Sources */,
				B5343F14232F0873004C5A03 /* CoreDataWorker.swift in Sources */,
				B520D5D82324687900488C9C /* NoteListViewModel.swift in Sources */,
				B5B2E9A122D3B60F00C5039A /* MainViewModel.swift in Sources */,
				B520D5D32324687900488C9C /* NewNoteViewController.swift in Sources */,
			);
			runOnlyForDeploymentPostprocessing = 0;
		};
		B5B2E96122D1303F00C5039A /* Sources */ = {
			isa = PBXSourcesBuildPhase;
			buildActionMask = 2147483647;
			files = (
				B5B2E96A22D1303F00C5039A /* MinhaEmpresaTests.swift in Sources */,
			);
			runOnlyForDeploymentPostprocessing = 0;
		};
		B5B2E96C22D1303F00C5039A /* Sources */ = {
			isa = PBXSourcesBuildPhase;
			buildActionMask = 2147483647;
			files = (
				B5B2E97522D1303F00C5039A /* MinhaEmpresaUITests.swift in Sources */,
			);
			runOnlyForDeploymentPostprocessing = 0;
		};
/* End PBXSourcesBuildPhase section */

/* Begin PBXTargetDependency section */
		B5B2E96722D1303F00C5039A /* PBXTargetDependency */ = {
			isa = PBXTargetDependency;
			target = B5B2E94B22D1303D00C5039A /* MinhaEmpresa */;
			targetProxy = B5B2E96622D1303F00C5039A /* PBXContainerItemProxy */;
		};
		B5B2E97222D1303F00C5039A /* PBXTargetDependency */ = {
			isa = PBXTargetDependency;
			target = B5B2E94B22D1303D00C5039A /* MinhaEmpresa */;
			targetProxy = B5B2E97122D1303F00C5039A /* PBXContainerItemProxy */;
		};
/* End PBXTargetDependency section */

/* Begin PBXVariantGroup section */
		B5B2E95522D1303D00C5039A /* Main.storyboard */ = {
			isa = PBXVariantGroup;
			children = (
				B5B2E95622D1303D00C5039A /* Base */,
				B5EA89F622E3DD0C002B46C1 /* pt-BR */,
			);
			name = Main.storyboard;
			sourceTree = "<group>";
		};
		B5B2E95D22D1303F00C5039A /* LaunchScreen.storyboard */ = {
			isa = PBXVariantGroup;
			children = (
				B5B2E95E22D1303F00C5039A /* Base */,
				B5EA89F522E3DD0C002B46C1 /* pt-BR */,
			);
			name = LaunchScreen.storyboard;
			sourceTree = "<group>";
		};
		B5EA89F922E3DD16002B46C1 /* Localizable.strings */ = {
			isa = PBXVariantGroup;
			children = (
				B5EA89F822E3DD16002B46C1 /* en */,
				B5EA89FA22E3DD1A002B46C1 /* pt-BR */,
			);
			name = Localizable.strings;
			sourceTree = "<group>";
		};
/* End PBXVariantGroup section */

/* Begin XCBuildConfiguration section */
		B5B2E97722D1303F00C5039A /* Debug */ = {
			isa = XCBuildConfiguration;
			buildSettings = {
				ALWAYS_SEARCH_USER_PATHS = NO;
				APP_SUFIX = .dev;
				BASE_URL = www.receitaws.com.br;
				CLANG_ANALYZER_LOCALIZABILITY_NONLOCALIZED = YES;
				CLANG_ANALYZER_NONNULL = YES;
				CLANG_ANALYZER_NUMBER_OBJECT_CONVERSION = YES_AGGRESSIVE;
				CLANG_CXX_LANGUAGE_STANDARD = "gnu++14";
				CLANG_CXX_LIBRARY = "libc++";
				CLANG_ENABLE_MODULES = YES;
				CLANG_ENABLE_OBJC_ARC = YES;
				CLANG_ENABLE_OBJC_WEAK = YES;
				CLANG_WARN_BLOCK_CAPTURE_AUTORELEASING = YES;
				CLANG_WARN_BOOL_CONVERSION = YES;
				CLANG_WARN_COMMA = YES;
				CLANG_WARN_CONSTANT_CONVERSION = YES;
				CLANG_WARN_DEPRECATED_OBJC_IMPLEMENTATIONS = YES;
				CLANG_WARN_DIRECT_OBJC_ISA_USAGE = YES_ERROR;
				CLANG_WARN_DOCUMENTATION_COMMENTS = YES;
				CLANG_WARN_EMPTY_BODY = YES;
				CLANG_WARN_ENUM_CONVERSION = YES;
				CLANG_WARN_INFINITE_RECURSION = YES;
				CLANG_WARN_INT_CONVERSION = YES;
				CLANG_WARN_NON_LITERAL_NULL_CONVERSION = YES;
				CLANG_WARN_OBJC_IMPLICIT_RETAIN_SELF = YES;
				CLANG_WARN_OBJC_LITERAL_CONVERSION = YES;
				CLANG_WARN_OBJC_ROOT_CLASS = YES_ERROR;
				CLANG_WARN_RANGE_LOOP_ANALYSIS = YES;
				CLANG_WARN_STRICT_PROTOTYPES = YES;
				CLANG_WARN_SUSPICIOUS_MOVE = YES;
				CLANG_WARN_UNGUARDED_AVAILABILITY = YES_AGGRESSIVE;
				CLANG_WARN_UNREACHABLE_CODE = YES;
				CLANG_WARN__DUPLICATE_METHOD_MATCH = YES;
				COPY_PHASE_STRIP = NO;
				CURRENT_PROJECT_VERSION = 2;
				DEBUG_INFORMATION_FORMAT = dwarf;
				ENABLE_STRICT_OBJC_MSGSEND = YES;
				ENABLE_TESTABILITY = YES;
				GCC_C_LANGUAGE_STANDARD = gnu11;
				GCC_DYNAMIC_NO_PIC = NO;
				GCC_NO_COMMON_BLOCKS = YES;
				GCC_OPTIMIZATION_LEVEL = 0;
				GCC_PREPROCESSOR_DEFINITIONS = (
					"DEBUG=1",
					"$(inherited)",
				);
				GCC_WARN_64_TO_32_BIT_CONVERSION = YES;
				GCC_WARN_ABOUT_RETURN_TYPE = YES_ERROR;
				GCC_WARN_UNDECLARED_SELECTOR = YES;
				GCC_WARN_UNINITIALIZED_AUTOS = YES_AGGRESSIVE;
				GCC_WARN_UNUSED_FUNCTION = YES;
				GCC_WARN_UNUSED_VARIABLE = YES;
				HTTP_PROTOCOL = https;
				IPHONEOS_DEPLOYMENT_TARGET = 11.0;
				MTL_ENABLE_DEBUG_INFO = INCLUDE_SOURCE;
				MTL_FAST_MATH = YES;
				ONLY_ACTIVE_ARCH = YES;
				SDKROOT = iphoneos;
				SWIFT_ACTIVE_COMPILATION_CONDITIONS = DEBUG;
				SWIFT_OPTIMIZATION_LEVEL = "-Onone";
				VERSIONING_SYSTEM = "apple-generic";
			};
			name = Debug;
		};
		B5B2E97822D1303F00C5039A /* Release */ = {
			isa = XCBuildConfiguration;
			buildSettings = {
				ALWAYS_SEARCH_USER_PATHS = NO;
				APP_SUFIX = "";
				BASE_URL = www.receitaws.com.br;
				CLANG_ANALYZER_LOCALIZABILITY_NONLOCALIZED = YES;
				CLANG_ANALYZER_NONNULL = YES;
				CLANG_ANALYZER_NUMBER_OBJECT_CONVERSION = YES_AGGRESSIVE;
				CLANG_CXX_LANGUAGE_STANDARD = "gnu++14";
				CLANG_CXX_LIBRARY = "libc++";
				CLANG_ENABLE_MODULES = YES;
				CLANG_ENABLE_OBJC_ARC = YES;
				CLANG_ENABLE_OBJC_WEAK = YES;
				CLANG_WARN_BLOCK_CAPTURE_AUTORELEASING = YES;
				CLANG_WARN_BOOL_CONVERSION = YES;
				CLANG_WARN_COMMA = YES;
				CLANG_WARN_CONSTANT_CONVERSION = YES;
				CLANG_WARN_DEPRECATED_OBJC_IMPLEMENTATIONS = YES;
				CLANG_WARN_DIRECT_OBJC_ISA_USAGE = YES_ERROR;
				CLANG_WARN_DOCUMENTATION_COMMENTS = YES;
				CLANG_WARN_EMPTY_BODY = YES;
				CLANG_WARN_ENUM_CONVERSION = YES;
				CLANG_WARN_INFINITE_RECURSION = YES;
				CLANG_WARN_INT_CONVERSION = YES;
				CLANG_WARN_NON_LITERAL_NULL_CONVERSION = YES;
				CLANG_WARN_OBJC_IMPLICIT_RETAIN_SELF = YES;
				CLANG_WARN_OBJC_LITERAL_CONVERSION = YES;
				CLANG_WARN_OBJC_ROOT_CLASS = YES_ERROR;
				CLANG_WARN_RANGE_LOOP_ANALYSIS = YES;
				CLANG_WARN_STRICT_PROTOTYPES = YES;
				CLANG_WARN_SUSPICIOUS_MOVE = YES;
				CLANG_WARN_UNGUARDED_AVAILABILITY = YES_AGGRESSIVE;
				CLANG_WARN_UNREACHABLE_CODE = YES;
				CLANG_WARN__DUPLICATE_METHOD_MATCH = YES;
				COPY_PHASE_STRIP = NO;
				CURRENT_PROJECT_VERSION = 2;
				DEBUG_INFORMATION_FORMAT = "dwarf-with-dsym";
				ENABLE_NS_ASSERTIONS = NO;
				ENABLE_STRICT_OBJC_MSGSEND = YES;
				GCC_C_LANGUAGE_STANDARD = gnu11;
				GCC_NO_COMMON_BLOCKS = YES;
				GCC_WARN_64_TO_32_BIT_CONVERSION = YES;
				GCC_WARN_ABOUT_RETURN_TYPE = YES_ERROR;
				GCC_WARN_UNDECLARED_SELECTOR = YES;
				GCC_WARN_UNINITIALIZED_AUTOS = YES_AGGRESSIVE;
				GCC_WARN_UNUSED_FUNCTION = YES;
				GCC_WARN_UNUSED_VARIABLE = YES;
				HTTP_PROTOCOL = https;
				IPHONEOS_DEPLOYMENT_TARGET = 11.0;
				MTL_ENABLE_DEBUG_INFO = NO;
				MTL_FAST_MATH = YES;
				SDKROOT = iphoneos;
				SWIFT_COMPILATION_MODE = wholemodule;
				SWIFT_OPTIMIZATION_LEVEL = "-O";
				VALIDATE_PRODUCT = YES;
				VERSIONING_SYSTEM = "apple-generic";
			};
			name = Release;
		};
		B5B2E97A22D1303F00C5039A /* Debug */ = {
			isa = XCBuildConfiguration;
			baseConfigurationReference = D72D974665747E3D2E2FB542 /* Pods-MinhaEmpresa.debug.xcconfig */;
			buildSettings = {
				ASSETCATALOG_COMPILER_APPICON_NAME = AppIcon;
				CODE_SIGN_IDENTITY = "iPhone Developer";
				CODE_SIGN_STYLE = Automatic;
				DEVELOPMENT_TEAM = Y2M9R3GT2M;
				INFOPLIST_FILE = MinhaEmpresa/Info.plist;
				IPHONEOS_DEPLOYMENT_TARGET = 11.0;
				LD_RUNPATH_SEARCH_PATHS = (
					"$(inherited)",
					"@executable_path/Frameworks",
				);
				MARKETING_VERSION = 1.0;
				PRODUCT_BUNDLE_IDENTIFIER = "salgadosproduction.com.MinhaEmpresa$(TARGET_NAME)$(APP_SUFIX)";
				PRODUCT_NAME = "$(TARGET_NAME)$(APP_SUFIX)";
				PROVISIONING_PROFILE_SPECIFIER = "";
				SWIFT_VERSION = 5.0;
				TARGETED_DEVICE_FAMILY = "1,2";
			};
			name = Debug;
		};
		B5B2E97B22D1303F00C5039A /* Release */ = {
			isa = XCBuildConfiguration;
			baseConfigurationReference = 332910A56171E62A100A2662 /* Pods-MinhaEmpresa.release.xcconfig */;
			buildSettings = {
				ASSETCATALOG_COMPILER_APPICON_NAME = AppIcon;
				CODE_SIGN_IDENTITY = "iPhone Developer";
				CODE_SIGN_STYLE = Automatic;
				DEVELOPMENT_TEAM = Y2M9R3GT2M;
				INFOPLIST_FILE = MinhaEmpresa/Info.plist;
				IPHONEOS_DEPLOYMENT_TARGET = 11.0;
				LD_RUNPATH_SEARCH_PATHS = (
					"$(inherited)",
					"@executable_path/Frameworks",
				);
				MARKETING_VERSION = 1.0;
				PRODUCT_BUNDLE_IDENTIFIER = "salgadosproduction.com.MinhaEmpresa$(TARGET_NAME)$(APP_SUFIX)";
				PRODUCT_NAME = "$(TARGET_NAME)$(APP_SUFIX)";
				PROVISIONING_PROFILE_SPECIFIER = "";
				SWIFT_VERSION = 5.0;
				TARGETED_DEVICE_FAMILY = "1,2";
			};
			name = Release;
		};
		B5B2E97D22D1303F00C5039A /* Debug */ = {
			isa = XCBuildConfiguration;
			baseConfigurationReference = 056941DD9922C806CC89BD9E /* Pods-MinhaEmpresaTests.debug.xcconfig */;
			buildSettings = {
				ALWAYS_EMBED_SWIFT_STANDARD_LIBRARIES = YES;
				BUNDLE_LOADER = "$(TEST_HOST)";
				CODE_SIGN_STYLE = Automatic;
				DEVELOPMENT_TEAM = Y2M9R3GT2M;
				INFOPLIST_FILE = MinhaEmpresaTests/Info.plist;
				LD_RUNPATH_SEARCH_PATHS = (
					"$(inherited)",
					"@executable_path/Frameworks",
					"@loader_path/Frameworks",
				);
				PRODUCT_BUNDLE_IDENTIFIER = salgadosproduction.com.MinhaEmpresaTests;
				PRODUCT_NAME = "$(TARGET_NAME)";
				SWIFT_VERSION = 5.0;
				TARGETED_DEVICE_FAMILY = "1,2";
				TEST_HOST = "$(BUILT_PRODUCTS_DIR)/MinhaEmpresa.app/MinhaEmpresa";
			};
			name = Debug;
		};
		B5B2E97E22D1303F00C5039A /* Release */ = {
			isa = XCBuildConfiguration;
			baseConfigurationReference = A2C8B33D4F88408D9C787725 /* Pods-MinhaEmpresaTests.release.xcconfig */;
			buildSettings = {
				ALWAYS_EMBED_SWIFT_STANDARD_LIBRARIES = YES;
				BUNDLE_LOADER = "$(TEST_HOST)";
				CODE_SIGN_STYLE = Automatic;
				DEVELOPMENT_TEAM = Y2M9R3GT2M;
				INFOPLIST_FILE = MinhaEmpresaTests/Info.plist;
				LD_RUNPATH_SEARCH_PATHS = (
					"$(inherited)",
					"@executable_path/Frameworks",
					"@loader_path/Frameworks",
				);
				PRODUCT_BUNDLE_IDENTIFIER = salgadosproduction.com.MinhaEmpresaTests;
				PRODUCT_NAME = "$(TARGET_NAME)";
				SWIFT_VERSION = 5.0;
				TARGETED_DEVICE_FAMILY = "1,2";
				TEST_HOST = "$(BUILT_PRODUCTS_DIR)/MinhaEmpresa.app/MinhaEmpresa";
			};
			name = Release;
		};
		B5B2E98022D1303F00C5039A /* Debug */ = {
			isa = XCBuildConfiguration;
			baseConfigurationReference = 780443F57A0ADA07C4F56F03 /* Pods-MinhaEmpresaUITests.debug.xcconfig */;
			buildSettings = {
				ALWAYS_EMBED_SWIFT_STANDARD_LIBRARIES = YES;
				CODE_SIGN_STYLE = Automatic;
				DEVELOPMENT_TEAM = Y2M9R3GT2M;
				INFOPLIST_FILE = MinhaEmpresaUITests/Info.plist;
				LD_RUNPATH_SEARCH_PATHS = (
					"$(inherited)",
					"@executable_path/Frameworks",
					"@loader_path/Frameworks",
				);
				PRODUCT_BUNDLE_IDENTIFIER = salgadosproduction.com.MinhaEmpresaUITests;
				PRODUCT_NAME = "$(TARGET_NAME)";
				SWIFT_VERSION = 5.0;
				TARGETED_DEVICE_FAMILY = "1,2";
				TEST_TARGET_NAME = MinhaEmpresa;
			};
			name = Debug;
		};
		B5B2E98122D1303F00C5039A /* Release */ = {
			isa = XCBuildConfiguration;
			baseConfigurationReference = C4AB0F3388E7A2B3C615905E /* Pods-MinhaEmpresaUITests.release.xcconfig */;
			buildSettings = {
				ALWAYS_EMBED_SWIFT_STANDARD_LIBRARIES = YES;
				CODE_SIGN_STYLE = Automatic;
				DEVELOPMENT_TEAM = Y2M9R3GT2M;
				INFOPLIST_FILE = MinhaEmpresaUITests/Info.plist;
				LD_RUNPATH_SEARCH_PATHS = (
					"$(inherited)",
					"@executable_path/Frameworks",
					"@loader_path/Frameworks",
				);
				PRODUCT_BUNDLE_IDENTIFIER = salgadosproduction.com.MinhaEmpresaUITests;
				PRODUCT_NAME = "$(TARGET_NAME)";
				SWIFT_VERSION = 5.0;
				TARGETED_DEVICE_FAMILY = "1,2";
				TEST_TARGET_NAME = MinhaEmpresa;
			};
			name = Release;
		};
/* End XCBuildConfiguration section */

/* Begin XCConfigurationList section */
		B5B2E94722D1303D00C5039A /* Build configuration list for PBXProject "MinhaEmpresa" */ = {
			isa = XCConfigurationList;
			buildConfigurations = (
				B5B2E97722D1303F00C5039A /* Debug */,
				B5B2E97822D1303F00C5039A /* Release */,
			);
			defaultConfigurationIsVisible = 0;
			defaultConfigurationName = Release;
		};
		B5B2E97922D1303F00C5039A /* Build configuration list for PBXNativeTarget "MinhaEmpresa" */ = {
			isa = XCConfigurationList;
			buildConfigurations = (
				B5B2E97A22D1303F00C5039A /* Debug */,
				B5B2E97B22D1303F00C5039A /* Release */,
			);
			defaultConfigurationIsVisible = 0;
			defaultConfigurationName = Release;
		};
		B5B2E97C22D1303F00C5039A /* Build configuration list for PBXNativeTarget "MinhaEmpresaTests" */ = {
			isa = XCConfigurationList;
			buildConfigurations = (
				B5B2E97D22D1303F00C5039A /* Debug */,
				B5B2E97E22D1303F00C5039A /* Release */,
			);
			defaultConfigurationIsVisible = 0;
			defaultConfigurationName = Release;
		};
		B5B2E97F22D1303F00C5039A /* Build configuration list for PBXNativeTarget "MinhaEmpresaUITests" */ = {
			isa = XCConfigurationList;
			buildConfigurations = (
				B5B2E98022D1303F00C5039A /* Debug */,
				B5B2E98122D1303F00C5039A /* Release */,
			);
			defaultConfigurationIsVisible = 0;
			defaultConfigurationName = Release;
		};
/* End XCConfigurationList section */

/* Begin XCVersionGroup section */
		B5B2E95822D1303D00C5039A /* MinhaEmpresa.xcdatamodeld */ = {
			isa = XCVersionGroup;
			children = (
				B5B2E95922D1303D00C5039A /* MinhaEmpresa.xcdatamodel */,
			);
			currentVersion = B5B2E95922D1303D00C5039A /* MinhaEmpresa.xcdatamodel */;
			path = MinhaEmpresa.xcdatamodeld;
			sourceTree = "<group>";
			versionGroupType = wrapper.xcdatamodel;
		};
/* End XCVersionGroup section */
	};
	rootObject = B5B2E94422D1303D00C5039A /* Project object */;
}
